// !$*UTF8*$!
{
	archiveVersion = 1;
	classes = {
	};
	objectVersion = 46;
	objects = {

/* Begin PBXBuildFile section */
		0091D8F90E81B9330029341E /* OpenGL.framework in Frameworks */ = {isa = PBXBuildFile; fileRef = 0091D8F80E81B9330029341E /* OpenGL.framework */; };
		00B784B30FF439BC000DE1D7 /* Accelerate.framework in Frameworks */ = {isa = PBXBuildFile; fileRef = 00B784AF0FF439BC000DE1D7 /* Accelerate.framework */; };
		00B784B40FF439BC000DE1D7 /* AudioToolbox.framework in Frameworks */ = {isa = PBXBuildFile; fileRef = 00B784B00FF439BC000DE1D7 /* AudioToolbox.framework */; };
		00B784B50FF439BC000DE1D7 /* AudioUnit.framework in Frameworks */ = {isa = PBXBuildFile; fileRef = 00B784B10FF439BC000DE1D7 /* AudioUnit.framework */; };
		00B784B60FF439BC000DE1D7 /* CoreAudio.framework in Frameworks */ = {isa = PBXBuildFile; fileRef = 00B784B20FF439BC000DE1D7 /* CoreAudio.framework */; };
		5323E6B20EAFCA74003A9687 /* CoreVideo.framework in Frameworks */ = {isa = PBXBuildFile; fileRef = 5323E6B10EAFCA74003A9687 /* CoreVideo.framework */; };
		5323E6B60EAFCA7E003A9687 /* QTKit.framework in Frameworks */ = {isa = PBXBuildFile; fileRef = 5323E6B50EAFCA7E003A9687 /* QTKit.framework */; };
		8D11072F0486CEB800E47090 /* Cocoa.framework in Frameworks */ = {isa = PBXBuildFile; fileRef = 1058C7A1FEA54F0111CA2CBB /* Cocoa.framework */; };
		A80270DB19CC753C0072973D /* Roboto_Regular_64.fnt in Resources */ = {isa = PBXBuildFile; fileRef = A80270DA19CC753C0072973D /* Roboto_Regular_64.fnt */; };
		A802710519CC7B7C0072973D /* Font.cpp in Sources */ = {isa = PBXBuildFile; fileRef = A80270DE19CC7B7C0072973D /* Font.cpp */; };
		A802710619CC7B7C0072973D /* FontManager.cpp in Sources */ = {isa = PBXBuildFile; fileRef = A80270E019CC7B7C0072973D /* FontManager.cpp */; };
		A802710719CC7B7C0072973D /* FontSequence.cpp in Sources */ = {isa = PBXBuildFile; fileRef = A80270E219CC7B7C0072973D /* FontSequence.cpp */; };
		A802710819CC7B7C0072973D /* TextHelper.cpp in Sources */ = {isa = PBXBuildFile; fileRef = A80270E419CC7B7C0072973D /* TextHelper.cpp */; };
		A802711319CC7B7C0072973D /* QuadMatrix.cpp in Sources */ = {isa = PBXBuildFile; fileRef = A802710319CC7B7C0072973D /* QuadMatrix.cpp */; };
		A802711519CC7CFC0072973D /* dot_112.png in Resources */ = {isa = PBXBuildFile; fileRef = A802711419CC7CFC0072973D /* dot_112.png */; };
		A8027DFA16E377AE00184149 /* icon.icns in Resources */ = {isa = PBXBuildFile; fileRef = A8027DF816E377AE00184149 /* icon.icns */; };
		A821DF8E16ED34A800DB025D /* Application.cpp in Sources */ = {isa = PBXBuildFile; fileRef = A821DF8D16ED34A800DB025D /* Application.cpp */; };
		A82C909216DFA3B100FF519C /* PVRHelper.cpp in Sources */ = {isa = PBXBuildFile; fileRef = A82C908A16DFA3B100FF519C /* PVRHelper.cpp */; };
		A82C909316DFA3B100FF519C /* Texture.cpp in Sources */ = {isa = PBXBuildFile; fileRef = A82C908C16DFA3B100FF519C /* Texture.cpp */; };
		A82C909416DFA3B100FF519C /* TextureHelper.cpp in Sources */ = {isa = PBXBuildFile; fileRef = A82C908E16DFA3B100FF519C /* TextureHelper.cpp */; };
		A82C909516DFA3B100FF519C /* TextureManager.cpp in Sources */ = {isa = PBXBuildFile; fileRef = A82C909016DFA3B100FF519C /* TextureManager.cpp */; };
		A82C909916DFA58900FF519C /* InputSource.cpp in Sources */ = {isa = PBXBuildFile; fileRef = A82C909716DFA58900FF519C /* InputSource.cpp */; };
		A82C90E316E00AAD00FF519C /* Handler.cpp in Sources */ = {isa = PBXBuildFile; fileRef = A82C90DC16E00AAD00FF519C /* Handler.cpp */; };
		A82C90EC16E00B0500FF519C /* CinderApp.cpp in Sources */ = {isa = PBXBuildFile; fileRef = A82C90E716E00B0500FF519C /* CinderApp.cpp */; };
		A82C90ED16E00B0500FF519C /* CinderSketchSimple.cpp in Sources */ = {isa = PBXBuildFile; fileRef = A82C90EA16E00B0500FF519C /* CinderSketchSimple.cpp */; };
		A82C910516E00B3B00FF519C /* GLUtils.cpp in Sources */ = {isa = PBXBuildFile; fileRef = A82C90FA16E00B3B00FF519C /* GLUtils.cpp */; };
		A82C910616E00B3B00FF519C /* MathUtils.cpp in Sources */ = {isa = PBXBuildFile; fileRef = A82C90FD16E00B3B00FF519C /* MathUtils.cpp */; };
		A82C910716E00B3B00FF519C /* Utils.cpp in Sources */ = {isa = PBXBuildFile; fileRef = A82C910216E00B3B00FF519C /* Utils.cpp */; };
		A82C910A16E02DAA00FF519C /* Sketch.cpp in Sources */ = {isa = PBXBuildFile; fileRef = A82C910816E02DAA00FF519C /* Sketch.cpp */; };
		A848D0DA17FED47F009C7AC2 /* Sprite.cpp in Sources */ = {isa = PBXBuildFile; fileRef = A848D0D817FED47F009C7AC2 /* Sprite.cpp */; };
		A853DFD618116D42006C2085 /* FileSystem.cpp in Sources */ = {isa = PBXBuildFile; fileRef = A853DFD418116D42006C2085 /* FileSystem.cpp */; };
		A87207F918081C460055F0BA /* SuperHandler.cpp in Sources */ = {isa = PBXBuildFile; fileRef = A87207F718081C460055F0BA /* SuperHandler.cpp */; };
		A8B31A8119E7391900127AAA /* SystemManagerBase.cpp in Sources */ = {isa = PBXBuildFile; fileRef = A8B31A7F19E7391900127AAA /* SystemManagerBase.cpp */; };
		A8B31A8319E74BC500127AAA /* DisplayHelper.cpp in Sources */ = {isa = PBXBuildFile; fileRef = A8B31A8219E74BC500127AAA /* DisplayHelper.cpp */; };
		A8F2E312189E4FDE002D5D75 /* Clock.cpp in Sources */ = {isa = PBXBuildFile; fileRef = A8F2E30A189E4FDE002D5D75 /* Clock.cpp */; };
		A8F2E314189E4FDE002D5D75 /* FrameClock.cpp in Sources */ = {isa = PBXBuildFile; fileRef = A8F2E30F189E4FDE002D5D75 /* FrameClock.cpp */; };
/* End PBXBuildFile section */

/* Begin PBXFileReference section */
		0091D8F80E81B9330029341E /* OpenGL.framework */ = {isa = PBXFileReference; lastKnownFileType = wrapper.framework; name = OpenGL.framework; path = /System/Library/Frameworks/OpenGL.framework; sourceTree = "<absolute>"; };
		00B784AF0FF439BC000DE1D7 /* Accelerate.framework */ = {isa = PBXFileReference; lastKnownFileType = wrapper.framework; name = Accelerate.framework; path = System/Library/Frameworks/Accelerate.framework; sourceTree = SDKROOT; };
		00B784B00FF439BC000DE1D7 /* AudioToolbox.framework */ = {isa = PBXFileReference; lastKnownFileType = wrapper.framework; name = AudioToolbox.framework; path = System/Library/Frameworks/AudioToolbox.framework; sourceTree = SDKROOT; };
		00B784B10FF439BC000DE1D7 /* AudioUnit.framework */ = {isa = PBXFileReference; lastKnownFileType = wrapper.framework; name = AudioUnit.framework; path = System/Library/Frameworks/AudioUnit.framework; sourceTree = SDKROOT; };
		00B784B20FF439BC000DE1D7 /* CoreAudio.framework */ = {isa = PBXFileReference; lastKnownFileType = wrapper.framework; name = CoreAudio.framework; path = System/Library/Frameworks/CoreAudio.framework; sourceTree = SDKROOT; };
		1058C7A1FEA54F0111CA2CBB /* Cocoa.framework */ = {isa = PBXFileReference; lastKnownFileType = wrapper.framework; name = Cocoa.framework; path = /System/Library/Frameworks/Cocoa.framework; sourceTree = "<absolute>"; };
		29B97324FDCFA39411CA2CEA /* AppKit.framework */ = {isa = PBXFileReference; lastKnownFileType = wrapper.framework; name = AppKit.framework; path = /System/Library/Frameworks/AppKit.framework; sourceTree = "<absolute>"; };
		29B97325FDCFA39411CA2CEA /* Foundation.framework */ = {isa = PBXFileReference; lastKnownFileType = wrapper.framework; name = Foundation.framework; path = /System/Library/Frameworks/Foundation.framework; sourceTree = "<absolute>"; };
		3AE7D94AFD3E4E749C47CA7D /* Prefix.pch */ = {isa = PBXFileReference; lastKnownFileType = "\"\""; path = Prefix.pch; sourceTree = "<group>"; };
		5323E6B10EAFCA74003A9687 /* CoreVideo.framework */ = {isa = PBXFileReference; lastKnownFileType = wrapper.framework; name = CoreVideo.framework; path = /System/Library/Frameworks/CoreVideo.framework; sourceTree = "<absolute>"; };
		5323E6B50EAFCA7E003A9687 /* QTKit.framework */ = {isa = PBXFileReference; lastKnownFileType = wrapper.framework; name = QTKit.framework; path = /System/Library/Frameworks/QTKit.framework; sourceTree = "<absolute>"; };
		8D1107320486CEB800E47090 /* MobileTest.app */ = {isa = PBXFileReference; explicitFileType = wrapper.application; includeInIndex = 0; path = MobileTest.app; sourceTree = BUILT_PRODUCTS_DIR; };
		A3F48157030643B0B32007F4 /* Info.plist */ = {isa = PBXFileReference; lastKnownFileType = text.plist.xml; path = Info.plist; sourceTree = "<group>"; };
		A80270DA19CC753C0072973D /* Roboto_Regular_64.fnt */ = {isa = PBXFileReference; lastKnownFileType = file; name = Roboto_Regular_64.fnt; path = ../resources/Roboto_Regular_64.fnt; sourceTree = "<group>"; };
		A80270DE19CC7B7C0072973D /* Font.cpp */ = {isa = PBXFileReference; fileEncoding = 4; lastKnownFileType = sourcecode.cpp.cpp; path = Font.cpp; sourceTree = "<group>"; };
		A80270DF19CC7B7C0072973D /* Font.h */ = {isa = PBXFileReference; fileEncoding = 4; lastKnownFileType = sourcecode.c.h; path = Font.h; sourceTree = "<group>"; };
		A80270E019CC7B7C0072973D /* FontManager.cpp */ = {isa = PBXFileReference; fileEncoding = 4; lastKnownFileType = sourcecode.cpp.cpp; path = FontManager.cpp; sourceTree = "<group>"; };
		A80270E119CC7B7C0072973D /* FontManager.h */ = {isa = PBXFileReference; fileEncoding = 4; lastKnownFileType = sourcecode.c.h; path = FontManager.h; sourceTree = "<group>"; };
		A80270E219CC7B7C0072973D /* FontSequence.cpp */ = {isa = PBXFileReference; fileEncoding = 4; lastKnownFileType = sourcecode.cpp.cpp; path = FontSequence.cpp; sourceTree = "<group>"; };
		A80270E319CC7B7C0072973D /* FontSequence.h */ = {isa = PBXFileReference; fileEncoding = 4; lastKnownFileType = sourcecode.c.h; path = FontSequence.h; sourceTree = "<group>"; };
		A80270E419CC7B7C0072973D /* TextHelper.cpp */ = {isa = PBXFileReference; fileEncoding = 4; lastKnownFileType = sourcecode.cpp.cpp; path = TextHelper.cpp; sourceTree = "<group>"; };
		A80270E519CC7B7C0072973D /* TextHelper.h */ = {isa = PBXFileReference; fileEncoding = 4; lastKnownFileType = sourcecode.c.h; path = TextHelper.h; sourceTree = "<group>"; };
		A802710019CC7B7C0072973D /* Quad.h */ = {isa = PBXFileReference; fileEncoding = 4; lastKnownFileType = sourcecode.c.h; path = Quad.h; sourceTree = "<group>"; };
		A802710119CC7B7C0072973D /* QuadBatch.h */ = {isa = PBXFileReference; fileEncoding = 4; lastKnownFileType = sourcecode.c.h; path = QuadBatch.h; sourceTree = "<group>"; };
		A802710219CC7B7C0072973D /* QuadBatchMap.h */ = {isa = PBXFileReference; fileEncoding = 4; lastKnownFileType = sourcecode.c.h; path = QuadBatchMap.h; sourceTree = "<group>"; };
		A802710319CC7B7C0072973D /* QuadMatrix.cpp */ = {isa = PBXFileReference; fileEncoding = 4; lastKnownFileType = sourcecode.cpp.cpp; path = QuadMatrix.cpp; sourceTree = "<group>"; };
		A802710419CC7B7C0072973D /* QuadMatrix.h */ = {isa = PBXFileReference; fileEncoding = 4; lastKnownFileType = sourcecode.c.h; path = QuadMatrix.h; sourceTree = "<group>"; };
		A802711419CC7CFC0072973D /* dot_112.png */ = {isa = PBXFileReference; lastKnownFileType = image.png; name = dot_112.png; path = ../resources/dot_112.png; sourceTree = "<group>"; };
		A8027DF816E377AE00184149 /* icon.icns */ = {isa = PBXFileReference; lastKnownFileType = image.icns; path = icon.icns; sourceTree = "<group>"; };
		A821DF8D16ED34A800DB025D /* Application.cpp */ = {isa = PBXFileReference; fileEncoding = 4; lastKnownFileType = sourcecode.cpp.cpp; name = Application.cpp; path = ../src/Application.cpp; sourceTree = "<group>"; };
		A824C4541905F830003C4B84 /* EmulatedDevice.h */ = {isa = PBXFileReference; fileEncoding = 4; lastKnownFileType = sourcecode.c.h; path = EmulatedDevice.h; sourceTree = "<group>"; };
		A824C4551905F830003C4B84 /* SystemInfo.h */ = {isa = PBXFileReference; fileEncoding = 4; lastKnownFileType = sourcecode.c.h; path = SystemInfo.h; sourceTree = "<group>"; };
		A824C4561905F830003C4B84 /* SystemManagerBase.h */ = {isa = PBXFileReference; fileEncoding = 4; lastKnownFileType = sourcecode.c.h; path = SystemManagerBase.h; sourceTree = "<group>"; };
		A82AF20619E6F82500EE42E6 /* DisplayHelper.h */ = {isa = PBXFileReference; lastKnownFileType = sourcecode.c.h; path = DisplayHelper.h; sourceTree = "<group>"; };
		A82AF20719E6F85100EE42E6 /* DisplayInfo.h */ = {isa = PBXFileReference; fileEncoding = 4; lastKnownFileType = sourcecode.c.h; path = DisplayInfo.h; sourceTree = "<group>"; };
		A82C908A16DFA3B100FF519C /* PVRHelper.cpp */ = {isa = PBXFileReference; fileEncoding = 4; lastKnownFileType = sourcecode.cpp.cpp; path = PVRHelper.cpp; sourceTree = "<group>"; };
		A82C908B16DFA3B100FF519C /* PVRHelper.h */ = {isa = PBXFileReference; fileEncoding = 4; lastKnownFileType = sourcecode.c.h; path = PVRHelper.h; sourceTree = "<group>"; };
		A82C908C16DFA3B100FF519C /* Texture.cpp */ = {isa = PBXFileReference; fileEncoding = 4; lastKnownFileType = sourcecode.cpp.cpp; path = Texture.cpp; sourceTree = "<group>"; };
		A82C908D16DFA3B100FF519C /* Texture.h */ = {isa = PBXFileReference; fileEncoding = 4; lastKnownFileType = sourcecode.c.h; path = Texture.h; sourceTree = "<group>"; };
		A82C908E16DFA3B100FF519C /* TextureHelper.cpp */ = {isa = PBXFileReference; fileEncoding = 4; lastKnownFileType = sourcecode.cpp.cpp; path = TextureHelper.cpp; sourceTree = "<group>"; };
		A82C908F16DFA3B100FF519C /* TextureHelper.h */ = {isa = PBXFileReference; fileEncoding = 4; lastKnownFileType = sourcecode.c.h; path = TextureHelper.h; sourceTree = "<group>"; };
		A82C909016DFA3B100FF519C /* TextureManager.cpp */ = {isa = PBXFileReference; fileEncoding = 4; lastKnownFileType = sourcecode.cpp.cpp; path = TextureManager.cpp; sourceTree = "<group>"; };
		A82C909116DFA3B100FF519C /* TextureManager.h */ = {isa = PBXFileReference; fileEncoding = 4; lastKnownFileType = sourcecode.c.h; path = TextureManager.h; sourceTree = "<group>"; };
		A82C909716DFA58900FF519C /* InputSource.cpp */ = {isa = PBXFileReference; fileEncoding = 4; lastKnownFileType = sourcecode.cpp.cpp; path = InputSource.cpp; sourceTree = "<group>"; };
		A82C909816DFA58900FF519C /* InputSource.h */ = {isa = PBXFileReference; fileEncoding = 4; lastKnownFileType = sourcecode.c.h; path = InputSource.h; sourceTree = "<group>"; };
		A82C90DC16E00AAD00FF519C /* Handler.cpp */ = {isa = PBXFileReference; fileEncoding = 4; lastKnownFileType = sourcecode.cpp.cpp; path = Handler.cpp; sourceTree = "<group>"; };
		A82C90DD16E00AAD00FF519C /* Handler.h */ = {isa = PBXFileReference; fileEncoding = 4; lastKnownFileType = sourcecode.c.h; path = Handler.h; sourceTree = "<group>"; };
		A82C90E016E00AAD00FF519C /* Message.h */ = {isa = PBXFileReference; fileEncoding = 4; lastKnownFileType = sourcecode.c.h; path = Message.h; sourceTree = "<group>"; };
		A82C90E716E00B0500FF519C /* CinderApp.cpp */ = {isa = PBXFileReference; fileEncoding = 4; lastKnownFileType = sourcecode.cpp.cpp; path = CinderApp.cpp; sourceTree = "<group>"; };
		A82C90E816E00B0500FF519C /* CinderApp.h */ = {isa = PBXFileReference; fileEncoding = 4; lastKnownFileType = sourcecode.c.h; path = CinderApp.h; sourceTree = "<group>"; };
		A82C90E916E00B0500FF519C /* CinderSketch.h */ = {isa = PBXFileReference; fileEncoding = 4; lastKnownFileType = sourcecode.c.h; path = CinderSketch.h; sourceTree = "<group>"; };
		A82C90EA16E00B0500FF519C /* CinderSketchSimple.cpp */ = {isa = PBXFileReference; fileEncoding = 4; lastKnownFileType = sourcecode.cpp.cpp; path = CinderSketchSimple.cpp; sourceTree = "<group>"; };
		A82C90EB16E00B0500FF519C /* CinderSketchSimple.h */ = {isa = PBXFileReference; fileEncoding = 4; lastKnownFileType = sourcecode.c.h; path = CinderSketchSimple.h; sourceTree = "<group>"; };
		A82C90FA16E00B3B00FF519C /* GLUtils.cpp */ = {isa = PBXFileReference; fileEncoding = 4; lastKnownFileType = sourcecode.cpp.cpp; path = GLUtils.cpp; sourceTree = "<group>"; };
		A82C90FB16E00B3B00FF519C /* GLUtils.h */ = {isa = PBXFileReference; fileEncoding = 4; lastKnownFileType = sourcecode.c.h; path = GLUtils.h; sourceTree = "<group>"; };
		A82C90FC16E00B3B00FF519C /* Hasher.h */ = {isa = PBXFileReference; fileEncoding = 4; lastKnownFileType = sourcecode.c.h; path = Hasher.h; sourceTree = "<group>"; };
		A82C90FD16E00B3B00FF519C /* MathUtils.cpp */ = {isa = PBXFileReference; fileEncoding = 4; lastKnownFileType = sourcecode.cpp.cpp; path = MathUtils.cpp; sourceTree = "<group>"; };
		A82C90FE16E00B3B00FF519C /* MathUtils.h */ = {isa = PBXFileReference; fileEncoding = 4; lastKnownFileType = sourcecode.c.h; path = MathUtils.h; sourceTree = "<group>"; };
		A82C910216E00B3B00FF519C /* Utils.cpp */ = {isa = PBXFileReference; fileEncoding = 4; lastKnownFileType = sourcecode.cpp.cpp; path = Utils.cpp; sourceTree = "<group>"; };
		A82C910316E00B3B00FF519C /* Utils.h */ = {isa = PBXFileReference; fileEncoding = 4; lastKnownFileType = sourcecode.c.h; path = Utils.h; sourceTree = "<group>"; };
		A82C910816E02DAA00FF519C /* Sketch.cpp */ = {isa = PBXFileReference; fileEncoding = 4; lastKnownFileType = sourcecode.cpp.cpp; name = Sketch.cpp; path = ../src/Sketch.cpp; sourceTree = "<group>"; };
		A82C910916E02DAA00FF519C /* Sketch.h */ = {isa = PBXFileReference; fileEncoding = 4; lastKnownFileType = sourcecode.c.h; name = Sketch.h; path = ../src/Sketch.h; sourceTree = "<group>"; };
		A848D0D817FED47F009C7AC2 /* Sprite.cpp */ = {isa = PBXFileReference; fileEncoding = 4; lastKnownFileType = sourcecode.cpp.cpp; path = Sprite.cpp; sourceTree = "<group>"; };
		A848D0D917FED47F009C7AC2 /* Sprite.h */ = {isa = PBXFileReference; fileEncoding = 4; lastKnownFileType = sourcecode.c.h; path = Sprite.h; sourceTree = "<group>"; };
		A853DFD418116D42006C2085 /* FileSystem.cpp */ = {isa = PBXFileReference; fileEncoding = 4; lastKnownFileType = sourcecode.cpp.cpp; path = FileSystem.cpp; sourceTree = "<group>"; };
		A853DFD518116D42006C2085 /* FileSystem.h */ = {isa = PBXFileReference; fileEncoding = 4; lastKnownFileType = sourcecode.c.h; path = FileSystem.h; sourceTree = "<group>"; };
		A85483B919CE19A900B7866C /* WindowInfo.h */ = {isa = PBXFileReference; fileEncoding = 4; lastKnownFileType = sourcecode.c.h; path = WindowInfo.h; sourceTree = "<group>"; };
		A87207F618081C460055F0BA /* SubHandler.h */ = {isa = PBXFileReference; fileEncoding = 4; lastKnownFileType = sourcecode.c.h; path = SubHandler.h; sourceTree = "<group>"; };
		A87207F718081C460055F0BA /* SuperHandler.cpp */ = {isa = PBXFileReference; fileEncoding = 4; lastKnownFileType = sourcecode.cpp.cpp; path = SuperHandler.cpp; sourceTree = "<group>"; };
		A87207F818081C460055F0BA /* SuperHandler.h */ = {isa = PBXFileReference; fileEncoding = 4; lastKnownFileType = sourcecode.c.h; path = SuperHandler.h; sourceTree = "<group>"; };
		A87208051808302E0055F0BA /* CinderSketchBase.h */ = {isa = PBXFileReference; lastKnownFileType = sourcecode.c.h; path = CinderSketchBase.h; sourceTree = "<group>"; };
		A8B31A7E19E7333F00127AAA /* Emulators.h */ = {isa = PBXFileReference; lastKnownFileType = sourcecode.c.h; path = Emulators.h; sourceTree = "<group>"; };
		A8B31A7F19E7391900127AAA /* SystemManagerBase.cpp */ = {isa = PBXFileReference; fileEncoding = 4; lastKnownFileType = sourcecode.cpp.cpp; path = SystemManagerBase.cpp; sourceTree = "<group>"; };
		A8B31A8019E7391900127AAA /* SystemManager.h */ = {isa = PBXFileReference; fileEncoding = 4; lastKnownFileType = sourcecode.c.h; path = SystemManager.h; sourceTree = "<group>"; };
		A8B31A8219E74BC500127AAA /* DisplayHelper.cpp */ = {isa = PBXFileReference; fileEncoding = 4; lastKnownFileType = sourcecode.cpp.cpp; path = DisplayHelper.cpp; sourceTree = "<group>"; };
		A8B31A8E19E8039E00127AAA /* SystemInfoBase.h */ = {isa = PBXFileReference; fileEncoding = 4; lastKnownFileType = sourcecode.c.h; path = SystemInfoBase.h; sourceTree = "<group>"; };
		A8EC39CC178584A000837298 /* TextureData.h */ = {isa = PBXFileReference; fileEncoding = 4; lastKnownFileType = sourcecode.c.h; path = TextureData.h; sourceTree = "<group>"; };
		A8EC39CD178584A000837298 /* TextureRequest.h */ = {isa = PBXFileReference; fileEncoding = 4; lastKnownFileType = sourcecode.c.h; path = TextureRequest.h; sourceTree = "<group>"; };
		A8F2E30A189E4FDE002D5D75 /* Clock.cpp */ = {isa = PBXFileReference; fileEncoding = 4; lastKnownFileType = sourcecode.cpp.cpp; path = Clock.cpp; sourceTree = "<group>"; };
		A8F2E30B189E4FDE002D5D75 /* Clock.h */ = {isa = PBXFileReference; fileEncoding = 4; lastKnownFileType = sourcecode.c.h; path = Clock.h; sourceTree = "<group>"; };
		A8F2E30C189E4FDE002D5D75 /* DefaultTimeBase.h */ = {isa = PBXFileReference; fileEncoding = 4; lastKnownFileType = sourcecode.c.h; path = DefaultTimeBase.h; sourceTree = "<group>"; };
		A8F2E30F189E4FDE002D5D75 /* FrameClock.cpp */ = {isa = PBXFileReference; fileEncoding = 4; lastKnownFileType = sourcecode.cpp.cpp; path = FrameClock.cpp; sourceTree = "<group>"; };
		A8F2E310189E4FDE002D5D75 /* FrameClock.h */ = {isa = PBXFileReference; fileEncoding = 4; lastKnownFileType = sourcecode.c.h; path = FrameClock.h; sourceTree = "<group>"; };
		A8F2E311189E4FDE002D5D75 /* TimeBase.h */ = {isa = PBXFileReference; fileEncoding = 4; lastKnownFileType = sourcecode.c.h; path = TimeBase.h; sourceTree = "<group>"; };
/* End PBXFileReference section */

/* Begin PBXFrameworksBuildPhase section */
		8D11072E0486CEB800E47090 /* Frameworks */ = {
			isa = PBXFrameworksBuildPhase;
			buildActionMask = 2147483647;
			files = (
				8D11072F0486CEB800E47090 /* Cocoa.framework in Frameworks */,
				0091D8F90E81B9330029341E /* OpenGL.framework in Frameworks */,
				5323E6B20EAFCA74003A9687 /* CoreVideo.framework in Frameworks */,
				5323E6B60EAFCA7E003A9687 /* QTKit.framework in Frameworks */,
				00B784B30FF439BC000DE1D7 /* Accelerate.framework in Frameworks */,
				00B784B40FF439BC000DE1D7 /* AudioToolbox.framework in Frameworks */,
				00B784B50FF439BC000DE1D7 /* AudioUnit.framework in Frameworks */,
				00B784B60FF439BC000DE1D7 /* CoreAudio.framework in Frameworks */,
			);
			runOnlyForDeploymentPostprocessing = 0;
		};
/* End PBXFrameworksBuildPhase section */

/* Begin PBXGroup section */
		080E96DDFE201D6D7F000001 /* Source */ = {
			isa = PBXGroup;
			children = (
				A821DF8D16ED34A800DB025D /* Application.cpp */,
				A82C910916E02DAA00FF519C /* Sketch.h */,
				A82C910816E02DAA00FF519C /* Sketch.cpp */,
			);
			name = Source;
			sourceTree = "<group>";
		};
		1058C7A0FEA54F0111CA2CBB /* Linked Frameworks */ = {
			isa = PBXGroup;
			children = (
				00B784AF0FF439BC000DE1D7 /* Accelerate.framework */,
				00B784B00FF439BC000DE1D7 /* AudioToolbox.framework */,
				00B784B10FF439BC000DE1D7 /* AudioUnit.framework */,
				00B784B20FF439BC000DE1D7 /* CoreAudio.framework */,
				5323E6B50EAFCA7E003A9687 /* QTKit.framework */,
				5323E6B10EAFCA74003A9687 /* CoreVideo.framework */,
				0091D8F80E81B9330029341E /* OpenGL.framework */,
				1058C7A1FEA54F0111CA2CBB /* Cocoa.framework */,
			);
			name = "Linked Frameworks";
			sourceTree = "<group>";
		};
		1058C7A2FEA54F0111CA2CBB /* Other Frameworks */ = {
			isa = PBXGroup;
			children = (
				29B97324FDCFA39411CA2CEA /* AppKit.framework */,
				29B97325FDCFA39411CA2CEA /* Foundation.framework */,
			);
			name = "Other Frameworks";
			sourceTree = "<group>";
		};
		19C28FACFE9D520D11CA2CBB /* Products */ = {
			isa = PBXGroup;
			children = (
				8D1107320486CEB800E47090 /* MobileTest.app */,
			);
			name = Products;
			sourceTree = "<group>";
		};
		29B97314FDCFA39411CA2CEA /* MobileTest */ = {
			isa = PBXGroup;
			children = (
				A8985B3C16DA4EB300448A41 /* chronotext */,
				080E96DDFE201D6D7F000001 /* Source */,
				29B97317FDCFA39411CA2CEA /* Resources */,
				A879AD8C16D667C900BE6783 /* OSX */,
				29B97323FDCFA39411CA2CEA /* Frameworks */,
				19C28FACFE9D520D11CA2CBB /* Products */,
			);
			name = MobileTest;
			sourceTree = "<group>";
		};
		29B97317FDCFA39411CA2CEA /* Resources */ = {
			isa = PBXGroup;
			children = (
				A802711419CC7CFC0072973D /* dot_112.png */,
				A80270DA19CC753C0072973D /* Roboto_Regular_64.fnt */,
			);
			name = Resources;
			sourceTree = "<group>";
		};
		29B97323FDCFA39411CA2CEA /* Frameworks */ = {
			isa = PBXGroup;
			children = (
				1058C7A0FEA54F0111CA2CBB /* Linked Frameworks */,
				1058C7A2FEA54F0111CA2CBB /* Other Frameworks */,
			);
			name = Frameworks;
			sourceTree = "<group>";
		};
		A80270DC19CC7B7C0072973D /* font */ = {
			isa = PBXGroup;
			children = (
				A80270DD19CC7B7C0072973D /* xf */,
			);
			path = font;
			sourceTree = "<group>";
		};
		A80270DD19CC7B7C0072973D /* xf */ = {
			isa = PBXGroup;
			children = (
				A80270DE19CC7B7C0072973D /* Font.cpp */,
				A80270DF19CC7B7C0072973D /* Font.h */,
				A80270E019CC7B7C0072973D /* FontManager.cpp */,
				A80270E119CC7B7C0072973D /* FontManager.h */,
				A80270E219CC7B7C0072973D /* FontSequence.cpp */,
				A80270E319CC7B7C0072973D /* FontSequence.h */,
				A80270E419CC7B7C0072973D /* TextHelper.cpp */,
				A80270E519CC7B7C0072973D /* TextHelper.h */,
			);
			path = xf;
			sourceTree = "<group>";
		};
		A80270FF19CC7B7C0072973D /* quad */ = {
			isa = PBXGroup;
			children = (
				A802710019CC7B7C0072973D /* Quad.h */,
				A802710119CC7B7C0072973D /* QuadBatch.h */,
				A802710219CC7B7C0072973D /* QuadBatchMap.h */,
				A802710319CC7B7C0072973D /* QuadMatrix.cpp */,
				A802710419CC7B7C0072973D /* QuadMatrix.h */,
			);
			path = quad;
			sourceTree = "<group>";
		};
		A8027DF716E377AE00184149 /* Resources */ = {
			isa = PBXGroup;
			children = (
				A8027DF816E377AE00184149 /* icon.icns */,
			);
			path = Resources;
			sourceTree = "<group>";
		};
		A824C4531905F830003C4B84 /* system */ = {
			isa = PBXGroup;
			children = (
				A824C4541905F830003C4B84 /* EmulatedDevice.h */,
				A8B31A7E19E7333F00127AAA /* Emulators.h */,
				A82AF20719E6F85100EE42E6 /* DisplayInfo.h */,
				A82AF20619E6F82500EE42E6 /* DisplayHelper.h */,
				A8B31A8219E74BC500127AAA /* DisplayHelper.cpp */,
				A824C4551905F830003C4B84 /* SystemInfo.h */,
				A8B31A8E19E8039E00127AAA /* SystemInfoBase.h */,
				A8B31A8019E7391900127AAA /* SystemManager.h */,
				A824C4561905F830003C4B84 /* SystemManagerBase.h */,
				A8B31A7F19E7391900127AAA /* SystemManagerBase.cpp */,
			);
			path = system;
			sourceTree = "<group>";
		};
		A82C90DB16E00AAD00FF519C /* os */ = {
			isa = PBXGroup;
			children = (
				A82C90DD16E00AAD00FF519C /* Handler.h */,
				A82C90DC16E00AAD00FF519C /* Handler.cpp */,
				A82C90E016E00AAD00FF519C /* Message.h */,
				A87207F618081C460055F0BA /* SubHandler.h */,
				A87207F818081C460055F0BA /* SuperHandler.h */,
				A87207F718081C460055F0BA /* SuperHandler.cpp */,
			);
			path = os;
			sourceTree = "<group>";
		};
		A82C90E616E00B0400FF519C /* cinder */ = {
			isa = PBXGroup;
			children = (
				A82C90E816E00B0500FF519C /* CinderApp.h */,
				A82C90E716E00B0500FF519C /* CinderApp.cpp */,
				A82C90E916E00B0500FF519C /* CinderSketch.h */,
				A87208051808302E0055F0BA /* CinderSketchBase.h */,
				A82C90EB16E00B0500FF519C /* CinderSketchSimple.h */,
				A82C90EA16E00B0500FF519C /* CinderSketchSimple.cpp */,
				A85483B919CE19A900B7866C /* WindowInfo.h */,
			);
			path = cinder;
			sourceTree = "<group>";
		};
		A82C90F416E00B3B00FF519C /* utils */ = {
			isa = PBXGroup;
			children = (
				A82C90FB16E00B3B00FF519C /* GLUtils.h */,
				A82C90FA16E00B3B00FF519C /* GLUtils.cpp */,
				A82C90FC16E00B3B00FF519C /* Hasher.h */,
				A82C90FE16E00B3B00FF519C /* MathUtils.h */,
				A82C90FD16E00B3B00FF519C /* MathUtils.cpp */,
				A82C910316E00B3B00FF519C /* Utils.h */,
				A82C910216E00B3B00FF519C /* Utils.cpp */,
			);
			path = utils;
			sourceTree = "<group>";
		};
		A879AD8C16D667C900BE6783 /* OSX */ = {
			isa = PBXGroup;
			children = (
				A3F48157030643B0B32007F4 /* Info.plist */,
				3AE7D94AFD3E4E749C47CA7D /* Prefix.pch */,
				A8027DF716E377AE00184149 /* Resources */,
			);
			name = OSX;
			sourceTree = "<group>";
		};
		A8985B3C16DA4EB300448A41 /* chronotext */ = {
			isa = PBXGroup;
			children = (
				A853DFD518116D42006C2085 /* FileSystem.h */,
				A853DFD418116D42006C2085 /* FileSystem.cpp */,
				A82C909816DFA58900FF519C /* InputSource.h */,
				A82C909716DFA58900FF519C /* InputSource.cpp */,
				A82C90E616E00B0400FF519C /* cinder */,
				A80270DC19CC7B7C0072973D /* font */,
				A82C90DB16E00AAD00FF519C /* os */,
				A80270FF19CC7B7C0072973D /* quad */,
				A824C4531905F830003C4B84 /* system */,
				A8985B7616DA4EB300448A41 /* texture */,
				A8F2E309189E4FDE002D5D75 /* time */,
				A82C90F416E00B3B00FF519C /* utils */,
			);
			name = chronotext;
			path = ../../../src/chronotext;
			sourceTree = "<group>";
		};
		A8985B7616DA4EB300448A41 /* texture */ = {
			isa = PBXGroup;
			children = (
				A848D0D817FED47F009C7AC2 /* Sprite.cpp */,
				A848D0D917FED47F009C7AC2 /* Sprite.h */,
				A82C908B16DFA3B100FF519C /* PVRHelper.h */,
				A82C908A16DFA3B100FF519C /* PVRHelper.cpp */,
				A82C908D16DFA3B100FF519C /* Texture.h */,
				A82C908C16DFA3B100FF519C /* Texture.cpp */,
				A8EC39CC178584A000837298 /* TextureData.h */,
				A82C908F16DFA3B100FF519C /* TextureHelper.h */,
				A82C908E16DFA3B100FF519C /* TextureHelper.cpp */,
				A82C909116DFA3B100FF519C /* TextureManager.h */,
				A82C909016DFA3B100FF519C /* TextureManager.cpp */,
				A8EC39CD178584A000837298 /* TextureRequest.h */,
			);
			path = texture;
			sourceTree = "<group>";
		};
		A8F2E309189E4FDE002D5D75 /* time */ = {
			isa = PBXGroup;
			children = (
				A8F2E30A189E4FDE002D5D75 /* Clock.cpp */,
				A8F2E30B189E4FDE002D5D75 /* Clock.h */,
				A8F2E30C189E4FDE002D5D75 /* DefaultTimeBase.h */,
				A8F2E30F189E4FDE002D5D75 /* FrameClock.cpp */,
				A8F2E310189E4FDE002D5D75 /* FrameClock.h */,
				A8F2E311189E4FDE002D5D75 /* TimeBase.h */,
			);
			path = time;
			sourceTree = "<group>";
		};
/* End PBXGroup section */

/* Begin PBXNativeTarget section */
		8D1107260486CEB800E47090 /* MobileTest */ = {
			isa = PBXNativeTarget;
			buildConfigurationList = C01FCF4A08A954540054247B /* Build configuration list for PBXNativeTarget "MobileTest" */;
			buildPhases = (
				8D1107290486CEB800E47090 /* Resources */,
				8D11072C0486CEB800E47090 /* Sources */,
				8D11072E0486CEB800E47090 /* Frameworks */,
			);
			buildRules = (
			);
			dependencies = (
			);
			name = MobileTest;
			productInstallPath = "$(HOME)/Applications";
			productName = MobileTest;
			productReference = 8D1107320486CEB800E47090 /* MobileTest.app */;
			productType = "com.apple.product-type.application";
		};
/* End PBXNativeTarget section */

/* Begin PBXProject section */
		29B97313FDCFA39411CA2CEA /* Project object */ = {
			isa = PBXProject;
			attributes = {
				LastUpgradeCheck = 0500;
			};
			buildConfigurationList = C01FCF4E08A954540054247B /* Build configuration list for PBXProject "MobileTest" */;
			compatibilityVersion = "Xcode 3.2";
			developmentRegion = English;
			hasScannedForEncodings = 1;
			knownRegions = (
				English,
				Japanese,
				French,
				German,
			);
			mainGroup = 29B97314FDCFA39411CA2CEA /* MobileTest */;
			projectDirPath = "";
			projectRoot = "";
			targets = (
				8D1107260486CEB800E47090 /* MobileTest */,
			);
		};
/* End PBXProject section */

/* Begin PBXResourcesBuildPhase section */
		8D1107290486CEB800E47090 /* Resources */ = {
			isa = PBXResourcesBuildPhase;
			buildActionMask = 2147483647;
			files = (
				A80270DB19CC753C0072973D /* Roboto_Regular_64.fnt in Resources */,
				A802711519CC7CFC0072973D /* dot_112.png in Resources */,
				A8027DFA16E377AE00184149 /* icon.icns in Resources */,
			);
			runOnlyForDeploymentPostprocessing = 0;
		};
/* End PBXResourcesBuildPhase section */

/* Begin PBXSourcesBuildPhase section */
		8D11072C0486CEB800E47090 /* Sources */ = {
			isa = PBXSourcesBuildPhase;
			buildActionMask = 2147483647;
			files = (
				A82C909216DFA3B100FF519C /* PVRHelper.cpp in Sources */,
				A82C909316DFA3B100FF519C /* Texture.cpp in Sources */,
				A802710619CC7B7C0072973D /* FontManager.cpp in Sources */,
				A82C909416DFA3B100FF519C /* TextureHelper.cpp in Sources */,
				A82C909516DFA3B100FF519C /* TextureManager.cpp in Sources */,
				A82C909916DFA58900FF519C /* InputSource.cpp in Sources */,
				A8F2E312189E4FDE002D5D75 /* Clock.cpp in Sources */,
				A802710719CC7B7C0072973D /* FontSequence.cpp in Sources */,
				A82C90E316E00AAD00FF519C /* Handler.cpp in Sources */,
				A82C90EC16E00B0500FF519C /* CinderApp.cpp in Sources */,
				A8B31A8119E7391900127AAA /* SystemManagerBase.cpp in Sources */,
				A82C90ED16E00B0500FF519C /* CinderSketchSimple.cpp in Sources */,
				A82C910516E00B3B00FF519C /* GLUtils.cpp in Sources */,
				A82C910616E00B3B00FF519C /* MathUtils.cpp in Sources */,
				A802711319CC7B7C0072973D /* QuadMatrix.cpp in Sources */,
				A802710519CC7B7C0072973D /* Font.cpp in Sources */,
				A8B31A8319E74BC500127AAA /* DisplayHelper.cpp in Sources */,
				A82C910716E00B3B00FF519C /* Utils.cpp in Sources */,
				A82C910A16E02DAA00FF519C /* Sketch.cpp in Sources */,
				A802710819CC7B7C0072973D /* TextHelper.cpp in Sources */,
				A821DF8E16ED34A800DB025D /* Application.cpp in Sources */,
				A848D0DA17FED47F009C7AC2 /* Sprite.cpp in Sources */,
				A87207F918081C460055F0BA /* SuperHandler.cpp in Sources */,
				A8F2E314189E4FDE002D5D75 /* FrameClock.cpp in Sources */,
				A853DFD618116D42006C2085 /* FileSystem.cpp in Sources */,
			);
			runOnlyForDeploymentPostprocessing = 0;
		};
/* End PBXSourcesBuildPhase section */

/* Begin XCBuildConfiguration section */
		C01FCF4B08A954540054247B /* Debug */ = {
			isa = XCBuildConfiguration;
			buildSettings = {
				COMBINE_HIDPI_IMAGES = YES;
				COPY_PHASE_STRIP = NO;
				DEAD_CODE_STRIPPING = YES;
				GCC_DYNAMIC_NO_PIC = NO;
				GCC_INLINES_ARE_PRIVATE_EXTERN = YES;
				GCC_OPTIMIZATION_LEVEL = 0;
				GCC_PRECOMPILE_PREFIX_HEADER = YES;
				GCC_PREFIX_HEADER = Prefix.pch;
				GCC_SYMBOLS_PRIVATE_EXTERN = NO;
				INFOPLIST_FILE = Info.plist;
				INSTALL_PATH = "$(HOME)/Applications";
				OTHER_LDFLAGS = "\"$(CINDER_PATH)/lib/libcinder_d.a\"";
				PRODUCT_NAME = MobileTest;
				SYMROOT = ./build;
				WRAPPER_EXTENSION = app;
			};
			name = Debug;
		};
		C01FCF4C08A954540054247B /* Release */ = {
			isa = XCBuildConfiguration;
			buildSettings = {
				COMBINE_HIDPI_IMAGES = YES;
				DEAD_CODE_STRIPPING = YES;
				DEBUG_INFORMATION_FORMAT = "dwarf-with-dsym";
				GCC_FAST_MATH = YES;
				GCC_GENERATE_DEBUGGING_SYMBOLS = NO;
				GCC_INLINES_ARE_PRIVATE_EXTERN = YES;
				GCC_OPTIMIZATION_LEVEL = 3;
				GCC_PRECOMPILE_PREFIX_HEADER = YES;
				GCC_PREFIX_HEADER = Prefix.pch;
				GCC_SYMBOLS_PRIVATE_EXTERN = NO;
				INFOPLIST_FILE = Info.plist;
				INSTALL_PATH = "$(HOME)/Applications";
				OTHER_LDFLAGS = "\"$(CINDER_PATH)/lib/libcinder.a\"";
				PRODUCT_NAME = MobileTest;
				STRIP_INSTALLED_PRODUCT = YES;
				SYMROOT = ./build;
				WRAPPER_EXTENSION = app;
			};
			name = Release;
		};
		C01FCF4F08A954540054247B /* Debug */ = {
			isa = XCBuildConfiguration;
			buildSettings = {
				ALWAYS_SEARCH_USER_PATHS = NO;
				CINDER_PATH = ../../../../../../Cinder;
				CLANG_CXX_LANGUAGE_STANDARD = "c++0x";
				CLANG_CXX_LIBRARY = "libc++";
				GCC_PREPROCESSOR_DEFINITIONS = "DEBUG=1";
				GCC_WARN_ABOUT_RETURN_TYPE = YES;
				GCC_WARN_UNUSED_VARIABLE = YES;
				HEADER_SEARCH_PATHS = "\"$(CINDER_PATH)/boost\"";
				MACOSX_DEPLOYMENT_TARGET = 10.7;
				ONLY_ACTIVE_ARCH = YES;
				SDKROOT = macosx;
				USER_HEADER_SEARCH_PATHS = "\"$(CINDER_PATH)/include\" ../include \"$(CINDER_PATH)/blocks/new-chronotext-toolkit/src\"";
			};
			name = Debug;
		};
		C01FCF5008A954540054247B /* Release */ = {
			isa = XCBuildConfiguration;
			buildSettings = {
				ALWAYS_SEARCH_USER_PATHS = NO;
				CINDER_PATH = ../../../../../../Cinder;
				CLANG_CXX_LANGUAGE_STANDARD = "c++0x";
				CLANG_CXX_LIBRARY = "libc++";
				GCC_WARN_ABOUT_RETURN_TYPE = YES;
				GCC_WARN_UNUSED_VARIABLE = YES;
				HEADER_SEARCH_PATHS = "\"$(CINDER_PATH)/boost\"";
				MACOSX_DEPLOYMENT_TARGET = 10.7;
				SDKROOT = macosx;
				USER_HEADER_SEARCH_PATHS = "\"$(CINDER_PATH)/include\" ../include \"$(CINDER_PATH)/blocks/new-chronotext-toolkit/src\"";
			};
			name = Release;
		};
/* End XCBuildConfiguration section */

/* Begin XCConfigurationList section */
		C01FCF4A08A954540054247B /* Build configuration list for PBXNativeTarget "MobileTest" */ = {
			isa = XCConfigurationList;
			buildConfigurations = (
				C01FCF4B08A954540054247B /* Debug */,
				C01FCF4C08A954540054247B /* Release */,
			);
			defaultConfigurationIsVisible = 0;
			defaultConfigurationName = Release;
		};
		C01FCF4E08A954540054247B /* Build configuration list for PBXProject "MobileTest" */ = {
			isa = XCConfigurationList;
			buildConfigurations = (
				C01FCF4F08A954540054247B /* Debug */,
				C01FCF5008A954540054247B /* Release */,
			);
			defaultConfigurationIsVisible = 0;
			defaultConfigurationName = Release;
		};
/* End XCConfigurationList section */
	};
	rootObject = 29B97313FDCFA39411CA2CEA /* Project object */;
}
