// !$*UTF8*$!
{
	archiveVersion = 1;
	classes = {
	};
	objectVersion = 45;
	objects = {

/* Begin PBXBuildFile section */
		0091D8F90E81B9330029341E /* OpenGL.framework in Frameworks */ = {isa = PBXBuildFile; fileRef = 0091D8F80E81B9330029341E /* OpenGL.framework */; };
		00B784B30FF439BC000DE1D7 /* Accelerate.framework in Frameworks */ = {isa = PBXBuildFile; fileRef = 00B784AF0FF439BC000DE1D7 /* Accelerate.framework */; };
		00B784B40FF439BC000DE1D7 /* AudioToolbox.framework in Frameworks */ = {isa = PBXBuildFile; fileRef = 00B784B00FF439BC000DE1D7 /* AudioToolbox.framework */; };
		00B784B50FF439BC000DE1D7 /* AudioUnit.framework in Frameworks */ = {isa = PBXBuildFile; fileRef = 00B784B10FF439BC000DE1D7 /* AudioUnit.framework */; };
		00B784B60FF439BC000DE1D7 /* CoreAudio.framework in Frameworks */ = {isa = PBXBuildFile; fileRef = 00B784B20FF439BC000DE1D7 /* CoreAudio.framework */; };
		5323E6B20EAFCA74003A9687 /* CoreVideo.framework in Frameworks */ = {isa = PBXBuildFile; fileRef = 5323E6B10EAFCA74003A9687 /* CoreVideo.framework */; };
		5323E6B60EAFCA7E003A9687 /* QTKit.framework in Frameworks */ = {isa = PBXBuildFile; fileRef = 5323E6B50EAFCA7E003A9687 /* QTKit.framework */; };
		8D11072F0486CEB800E47090 /* Cocoa.framework in Frameworks */ = {isa = PBXBuildFile; fileRef = 1058C7A1FEA54F0111CA2CBB /* Cocoa.framework */; };
		A8027DFA16E377AE00184149 /* icon.icns in Resources */ = {isa = PBXBuildFile; fileRef = A8027DF816E377AE00184149 /* icon.icns */; };
		A821DF8E16ED34A800DB025D /* Application.cpp in Sources */ = {isa = PBXBuildFile; fileRef = A821DF8D16ED34A800DB025D /* Application.cpp */; };
		A822633318BE224C00D57C8C /* PVRHelper.cpp in Sources */ = {isa = PBXBuildFile; fileRef = A822632718BE224C00D57C8C /* PVRHelper.cpp */; };
		A822633418BE224C00D57C8C /* Sprite.cpp in Sources */ = {isa = PBXBuildFile; fileRef = A822632918BE224C00D57C8C /* Sprite.cpp */; };
		A822633518BE224C00D57C8C /* Texture.cpp in Sources */ = {isa = PBXBuildFile; fileRef = A822632B18BE224C00D57C8C /* Texture.cpp */; };
		A822633618BE224C00D57C8C /* TextureHelper.cpp in Sources */ = {isa = PBXBuildFile; fileRef = A822632E18BE224C00D57C8C /* TextureHelper.cpp */; };
		A822633718BE224C00D57C8C /* TextureManager.cpp in Sources */ = {isa = PBXBuildFile; fileRef = A822633018BE224C00D57C8C /* TextureManager.cpp */; };
		A822635A18BE705100D57C8C /* FollowablePath.cpp in Sources */ = {isa = PBXBuildFile; fileRef = A822635518BE705100D57C8C /* FollowablePath.cpp */; };
		A822635B18BE705100D57C8C /* SplinePath.cpp in Sources */ = {isa = PBXBuildFile; fileRef = A822635718BE705100D57C8C /* SplinePath.cpp */; };
		A822637718BF54BC00D57C8C /* Clock.cpp in Sources */ = {isa = PBXBuildFile; fileRef = A822636F18BF54BC00D57C8C /* Clock.cpp */; };
		A822637818BF54BC00D57C8C /* MasterClock.cpp in Sources */ = {isa = PBXBuildFile; fileRef = A822637218BF54BC00D57C8C /* MasterClock.cpp */; };
		A822637918BF54BC00D57C8C /* TickingClock.cpp in Sources */ = {isa = PBXBuildFile; fileRef = A822637418BF54BC00D57C8C /* TickingClock.cpp */; };
		A829870318BD00C300934642 /* Handler.cpp in Sources */ = {isa = PBXBuildFile; fileRef = A82986FD18BD00C300934642 /* Handler.cpp */; };
		A829870418BD00C300934642 /* SuperHandler.cpp in Sources */ = {isa = PBXBuildFile; fileRef = A829870118BD00C300934642 /* SuperHandler.cpp */; };
		A829872F18BD02D500934642 /* FontMatrix.cpp in Sources */ = {isa = PBXBuildFile; fileRef = A829870818BD02D500934642 /* FontMatrix.cpp */; };
		A829873018BD02D500934642 /* Font.cpp in Sources */ = {isa = PBXBuildFile; fileRef = A829870D18BD02D500934642 /* Font.cpp */; };
		A829873118BD02D500934642 /* FontManager.cpp in Sources */ = {isa = PBXBuildFile; fileRef = A829870F18BD02D500934642 /* FontManager.cpp */; };
		A829873218BD02D500934642 /* FontSequence.cpp in Sources */ = {isa = PBXBuildFile; fileRef = A829871118BD02D500934642 /* FontSequence.cpp */; };
		A829873318BD02D500934642 /* TextHelper.cpp in Sources */ = {isa = PBXBuildFile; fileRef = A829871318BD02D500934642 /* TextHelper.cpp */; };
		A82C909916DFA58900FF519C /* InputSource.cpp in Sources */ = {isa = PBXBuildFile; fileRef = A82C909716DFA58900FF519C /* InputSource.cpp */; };
		A82C90EC16E00B0500FF519C /* CinderApp.cpp in Sources */ = {isa = PBXBuildFile; fileRef = A82C90E716E00B0500FF519C /* CinderApp.cpp */; };
		A82C90ED16E00B0500FF519C /* CinderSketchSimple.cpp in Sources */ = {isa = PBXBuildFile; fileRef = A82C90EA16E00B0500FF519C /* CinderSketchSimple.cpp */; };
		A82C910516E00B3B00FF519C /* GLUtils.cpp in Sources */ = {isa = PBXBuildFile; fileRef = A82C90FA16E00B3B00FF519C /* GLUtils.cpp */; };
		A82C910616E00B3B00FF519C /* MathUtils.cpp in Sources */ = {isa = PBXBuildFile; fileRef = A82C90FD16E00B3B00FF519C /* MathUtils.cpp */; };
		A82C910716E00B3B00FF519C /* Utils.cpp in Sources */ = {isa = PBXBuildFile; fileRef = A82C910216E00B3B00FF519C /* Utils.cpp */; };
		A82C910A16E02DAA00FF519C /* Sketch.cpp in Sources */ = {isa = PBXBuildFile; fileRef = A82C910816E02DAA00FF519C /* Sketch.cpp */; };
		A853DFD618116D42006C2085 /* FileSystem.cpp in Sources */ = {isa = PBXBuildFile; fileRef = A853DFD418116D42006C2085 /* FileSystem.cpp */; };
		A8F9FBDF18C3E25200C48245 /* FXGDocument.cpp in Sources */ = {isa = PBXBuildFile; fileRef = A8F9FBDE18C3E25200C48245 /* FXGDocument.cpp */; };
		A8F9FBE318C3E2EA00C48245 /* spline_1.dat in Resources */ = {isa = PBXBuildFile; fileRef = A8F9FBE018C3E2EA00C48245 /* spline_1.dat */; };
		A8F9FBE718C3E4E300C48245 /* lys.fxg in Resources */ = {isa = PBXBuildFile; fileRef = A8F9FBE618C3E4E300C48245 /* lys.fxg */; };
		A8F9FBF218C3F8B800C48245 /* dot2x.png in Resources */ = {isa = PBXBuildFile; fileRef = A8F9FBF118C3F8B800C48245 /* dot2x.png */; };
		A8F9FBF818C413E900C48245 /* hairline.png in Resources */ = {isa = PBXBuildFile; fileRef = A8F9FBF518C413E900C48245 /* hairline.png */; };
		A8F9FBFA18C413E900C48245 /* asphalt_128_alpha.png in Resources */ = {isa = PBXBuildFile; fileRef = A8F9FBF718C413E900C48245 /* asphalt_128_alpha.png */; };
		A8F9FBFC18C41D3C00C48245 /* hairline_dashed.png in Resources */ = {isa = PBXBuildFile; fileRef = A8F9FBFB18C41D3C00C48245 /* hairline_dashed.png */; };
		A8F9FC0B18C42EC400C48245 /* hairline_dense.png in Resources */ = {isa = PBXBuildFile; fileRef = A8F9FC0918C42EC400C48245 /* hairline_dense.png */; };
		A8F9FC0C18C42EC400C48245 /* hairline_dashed_dense.png in Resources */ = {isa = PBXBuildFile; fileRef = A8F9FC0A18C42EC400C48245 /* hairline_dashed_dense.png */; };
		A8F9FC0F18C4AD2D00C48245 /* Hairline.cpp in Sources */ = {isa = PBXBuildFile; fileRef = A8F9FC0D18C4AD2D00C48245 /* Hairline.cpp */; };
/* End PBXBuildFile section */

/* Begin PBXFileReference section */
		0091D8F80E81B9330029341E /* OpenGL.framework */ = {isa = PBXFileReference; lastKnownFileType = wrapper.framework; name = OpenGL.framework; path = /System/Library/Frameworks/OpenGL.framework; sourceTree = "<absolute>"; };
		00B784AF0FF439BC000DE1D7 /* Accelerate.framework */ = {isa = PBXFileReference; lastKnownFileType = wrapper.framework; name = Accelerate.framework; path = System/Library/Frameworks/Accelerate.framework; sourceTree = SDKROOT; };
		00B784B00FF439BC000DE1D7 /* AudioToolbox.framework */ = {isa = PBXFileReference; lastKnownFileType = wrapper.framework; name = AudioToolbox.framework; path = System/Library/Frameworks/AudioToolbox.framework; sourceTree = SDKROOT; };
		00B784B10FF439BC000DE1D7 /* AudioUnit.framework */ = {isa = PBXFileReference; lastKnownFileType = wrapper.framework; name = AudioUnit.framework; path = System/Library/Frameworks/AudioUnit.framework; sourceTree = SDKROOT; };
		00B784B20FF439BC000DE1D7 /* CoreAudio.framework */ = {isa = PBXFileReference; lastKnownFileType = wrapper.framework; name = CoreAudio.framework; path = System/Library/Frameworks/CoreAudio.framework; sourceTree = SDKROOT; };
		1058C7A1FEA54F0111CA2CBB /* Cocoa.framework */ = {isa = PBXFileReference; lastKnownFileType = wrapper.framework; name = Cocoa.framework; path = /System/Library/Frameworks/Cocoa.framework; sourceTree = "<absolute>"; };
		29B97324FDCFA39411CA2CEA /* AppKit.framework */ = {isa = PBXFileReference; lastKnownFileType = wrapper.framework; name = AppKit.framework; path = /System/Library/Frameworks/AppKit.framework; sourceTree = "<absolute>"; };
		29B97325FDCFA39411CA2CEA /* Foundation.framework */ = {isa = PBXFileReference; lastKnownFileType = wrapper.framework; name = Foundation.framework; path = /System/Library/Frameworks/Foundation.framework; sourceTree = "<absolute>"; };
		3AE7D94AFD3E4E749C47CA7D /* Prefix.pch */ = {isa = PBXFileReference; lastKnownFileType = "\"\""; path = Prefix.pch; sourceTree = "<group>"; };
		5323E6B10EAFCA74003A9687 /* CoreVideo.framework */ = {isa = PBXFileReference; lastKnownFileType = wrapper.framework; name = CoreVideo.framework; path = /System/Library/Frameworks/CoreVideo.framework; sourceTree = "<absolute>"; };
		5323E6B50EAFCA7E003A9687 /* QTKit.framework */ = {isa = PBXFileReference; lastKnownFileType = wrapper.framework; name = QTKit.framework; path = /System/Library/Frameworks/QTKit.framework; sourceTree = "<absolute>"; };
		8D1107320486CEB800E47090 /* PathWorks2.app */ = {isa = PBXFileReference; explicitFileType = wrapper.application; includeInIndex = 0; path = PathWorks2.app; sourceTree = BUILT_PRODUCTS_DIR; };
		A3F48157030643B0B32007F4 /* Info.plist */ = {isa = PBXFileReference; lastKnownFileType = text.plist.xml; path = Info.plist; sourceTree = "<group>"; };
		A8027DF816E377AE00184149 /* icon.icns */ = {isa = PBXFileReference; lastKnownFileType = image.icns; path = icon.icns; sourceTree = "<group>"; };
		A821DF8D16ED34A800DB025D /* Application.cpp */ = {isa = PBXFileReference; fileEncoding = 4; lastKnownFileType = sourcecode.cpp.cpp; name = Application.cpp; path = ../src/Application.cpp; sourceTree = "<group>"; };
		A822632718BE224C00D57C8C /* PVRHelper.cpp */ = {isa = PBXFileReference; fileEncoding = 4; lastKnownFileType = sourcecode.cpp.cpp; path = PVRHelper.cpp; sourceTree = "<group>"; };
		A822632818BE224C00D57C8C /* PVRHelper.h */ = {isa = PBXFileReference; fileEncoding = 4; lastKnownFileType = sourcecode.c.h; path = PVRHelper.h; sourceTree = "<group>"; };
		A822632918BE224C00D57C8C /* Sprite.cpp */ = {isa = PBXFileReference; fileEncoding = 4; lastKnownFileType = sourcecode.cpp.cpp; path = Sprite.cpp; sourceTree = "<group>"; };
		A822632A18BE224C00D57C8C /* Sprite.h */ = {isa = PBXFileReference; fileEncoding = 4; lastKnownFileType = sourcecode.c.h; path = Sprite.h; sourceTree = "<group>"; };
		A822632B18BE224C00D57C8C /* Texture.cpp */ = {isa = PBXFileReference; fileEncoding = 4; lastKnownFileType = sourcecode.cpp.cpp; path = Texture.cpp; sourceTree = "<group>"; };
		A822632C18BE224C00D57C8C /* Texture.h */ = {isa = PBXFileReference; fileEncoding = 4; lastKnownFileType = sourcecode.c.h; path = Texture.h; sourceTree = "<group>"; };
		A822632D18BE224C00D57C8C /* TextureData.h */ = {isa = PBXFileReference; fileEncoding = 4; lastKnownFileType = sourcecode.c.h; path = TextureData.h; sourceTree = "<group>"; };
		A822632E18BE224C00D57C8C /* TextureHelper.cpp */ = {isa = PBXFileReference; fileEncoding = 4; lastKnownFileType = sourcecode.cpp.cpp; path = TextureHelper.cpp; sourceTree = "<group>"; };
		A822632F18BE224C00D57C8C /* TextureHelper.h */ = {isa = PBXFileReference; fileEncoding = 4; lastKnownFileType = sourcecode.c.h; path = TextureHelper.h; sourceTree = "<group>"; };
		A822633018BE224C00D57C8C /* TextureManager.cpp */ = {isa = PBXFileReference; fileEncoding = 4; lastKnownFileType = sourcecode.cpp.cpp; path = TextureManager.cpp; sourceTree = "<group>"; };
		A822633118BE224C00D57C8C /* TextureManager.h */ = {isa = PBXFileReference; fileEncoding = 4; lastKnownFileType = sourcecode.c.h; path = TextureManager.h; sourceTree = "<group>"; };
		A822633218BE224C00D57C8C /* TextureRequest.h */ = {isa = PBXFileReference; fileEncoding = 4; lastKnownFileType = sourcecode.c.h; path = TextureRequest.h; sourceTree = "<group>"; };
		A822635518BE705100D57C8C /* FollowablePath.cpp */ = {isa = PBXFileReference; fileEncoding = 4; lastKnownFileType = sourcecode.cpp.cpp; path = FollowablePath.cpp; sourceTree = "<group>"; };
		A822635618BE705100D57C8C /* FollowablePath.h */ = {isa = PBXFileReference; fileEncoding = 4; lastKnownFileType = sourcecode.c.h; path = FollowablePath.h; sourceTree = "<group>"; };
		A822635718BE705100D57C8C /* SplinePath.cpp */ = {isa = PBXFileReference; fileEncoding = 4; lastKnownFileType = sourcecode.cpp.cpp; path = SplinePath.cpp; sourceTree = "<group>"; };
		A822635818BE705100D57C8C /* SplinePath.h */ = {isa = PBXFileReference; fileEncoding = 4; lastKnownFileType = sourcecode.c.h; path = SplinePath.h; sourceTree = "<group>"; };
		A822636F18BF54BC00D57C8C /* Clock.cpp */ = {isa = PBXFileReference; fileEncoding = 4; lastKnownFileType = sourcecode.cpp.cpp; path = Clock.cpp; sourceTree = "<group>"; };
		A822637018BF54BC00D57C8C /* Clock.h */ = {isa = PBXFileReference; fileEncoding = 4; lastKnownFileType = sourcecode.c.h; path = Clock.h; sourceTree = "<group>"; };
		A822637118BF54BC00D57C8C /* DefaultTimeBase.h */ = {isa = PBXFileReference; fileEncoding = 4; lastKnownFileType = sourcecode.c.h; path = DefaultTimeBase.h; sourceTree = "<group>"; };
		A822637218BF54BC00D57C8C /* MasterClock.cpp */ = {isa = PBXFileReference; fileEncoding = 4; lastKnownFileType = sourcecode.cpp.cpp; path = MasterClock.cpp; sourceTree = "<group>"; };
		A822637318BF54BC00D57C8C /* MasterClock.h */ = {isa = PBXFileReference; fileEncoding = 4; lastKnownFileType = sourcecode.c.h; path = MasterClock.h; sourceTree = "<group>"; };
		A822637418BF54BC00D57C8C /* TickingClock.cpp */ = {isa = PBXFileReference; fileEncoding = 4; lastKnownFileType = sourcecode.cpp.cpp; path = TickingClock.cpp; sourceTree = "<group>"; };
		A822637518BF54BC00D57C8C /* TickingClock.h */ = {isa = PBXFileReference; fileEncoding = 4; lastKnownFileType = sourcecode.c.h; path = TickingClock.h; sourceTree = "<group>"; };
		A822637618BF54BC00D57C8C /* TimeBase.h */ = {isa = PBXFileReference; fileEncoding = 4; lastKnownFileType = sourcecode.c.h; path = TimeBase.h; sourceTree = "<group>"; };
		A822639518C17ACC00D57C8C /* ASPC.h */ = {isa = PBXFileReference; fileEncoding = 4; lastKnownFileType = sourcecode.c.h; path = ASPC.h; sourceTree = "<group>"; };
		A82986FD18BD00C300934642 /* Handler.cpp */ = {isa = PBXFileReference; fileEncoding = 4; lastKnownFileType = sourcecode.cpp.cpp; path = Handler.cpp; sourceTree = "<group>"; };
		A82986FE18BD00C300934642 /* Handler.h */ = {isa = PBXFileReference; fileEncoding = 4; lastKnownFileType = sourcecode.c.h; path = Handler.h; sourceTree = "<group>"; };
		A82986FF18BD00C300934642 /* Message.h */ = {isa = PBXFileReference; fileEncoding = 4; lastKnownFileType = sourcecode.c.h; path = Message.h; sourceTree = "<group>"; };
		A829870018BD00C300934642 /* SubHandler.h */ = {isa = PBXFileReference; fileEncoding = 4; lastKnownFileType = sourcecode.c.h; path = SubHandler.h; sourceTree = "<group>"; };
		A829870118BD00C300934642 /* SuperHandler.cpp */ = {isa = PBXFileReference; fileEncoding = 4; lastKnownFileType = sourcecode.cpp.cpp; path = SuperHandler.cpp; sourceTree = "<group>"; };
		A829870218BD00C300934642 /* SuperHandler.h */ = {isa = PBXFileReference; fileEncoding = 4; lastKnownFileType = sourcecode.c.h; path = SuperHandler.h; sourceTree = "<group>"; };
		A829870818BD02D500934642 /* FontMatrix.cpp */ = {isa = PBXFileReference; fileEncoding = 4; lastKnownFileType = sourcecode.cpp.cpp; path = FontMatrix.cpp; sourceTree = "<group>"; };
		A829870918BD02D500934642 /* FontMatrix.h */ = {isa = PBXFileReference; fileEncoding = 4; lastKnownFileType = sourcecode.c.h; path = FontMatrix.h; sourceTree = "<group>"; };
		A829870A18BD02D500934642 /* GlyphBatch.h */ = {isa = PBXFileReference; fileEncoding = 4; lastKnownFileType = sourcecode.c.h; path = GlyphBatch.h; sourceTree = "<group>"; };
		A829870B18BD02D500934642 /* GlyphQuad.h */ = {isa = PBXFileReference; fileEncoding = 4; lastKnownFileType = sourcecode.c.h; path = GlyphQuad.h; sourceTree = "<group>"; };
		A829870D18BD02D500934642 /* Font.cpp */ = {isa = PBXFileReference; fileEncoding = 4; lastKnownFileType = sourcecode.cpp.cpp; path = Font.cpp; sourceTree = "<group>"; };
		A829870E18BD02D500934642 /* Font.h */ = {isa = PBXFileReference; fileEncoding = 4; lastKnownFileType = sourcecode.c.h; path = Font.h; sourceTree = "<group>"; };
		A829870F18BD02D500934642 /* FontManager.cpp */ = {isa = PBXFileReference; fileEncoding = 4; lastKnownFileType = sourcecode.cpp.cpp; path = FontManager.cpp; sourceTree = "<group>"; };
		A829871018BD02D500934642 /* FontManager.h */ = {isa = PBXFileReference; fileEncoding = 4; lastKnownFileType = sourcecode.c.h; path = FontManager.h; sourceTree = "<group>"; };
		A829871118BD02D500934642 /* FontSequence.cpp */ = {isa = PBXFileReference; fileEncoding = 4; lastKnownFileType = sourcecode.cpp.cpp; path = FontSequence.cpp; sourceTree = "<group>"; };
		A829871218BD02D500934642 /* FontSequence.h */ = {isa = PBXFileReference; fileEncoding = 4; lastKnownFileType = sourcecode.c.h; path = FontSequence.h; sourceTree = "<group>"; };
		A829871318BD02D500934642 /* TextHelper.cpp */ = {isa = PBXFileReference; fileEncoding = 4; lastKnownFileType = sourcecode.cpp.cpp; path = TextHelper.cpp; sourceTree = "<group>"; };
		A829871418BD02D500934642 /* TextHelper.h */ = {isa = PBXFileReference; fileEncoding = 4; lastKnownFileType = sourcecode.c.h; path = TextHelper.h; sourceTree = "<group>"; };
		A82C909716DFA58900FF519C /* InputSource.cpp */ = {isa = PBXFileReference; fileEncoding = 4; lastKnownFileType = sourcecode.cpp.cpp; path = InputSource.cpp; sourceTree = "<group>"; };
		A82C909816DFA58900FF519C /* InputSource.h */ = {isa = PBXFileReference; fileEncoding = 4; lastKnownFileType = sourcecode.c.h; path = InputSource.h; sourceTree = "<group>"; };
		A82C90E716E00B0500FF519C /* CinderApp.cpp */ = {isa = PBXFileReference; fileEncoding = 4; lastKnownFileType = sourcecode.cpp.cpp; path = CinderApp.cpp; sourceTree = "<group>"; };
		A82C90E816E00B0500FF519C /* CinderApp.h */ = {isa = PBXFileReference; fileEncoding = 4; lastKnownFileType = sourcecode.c.h; path = CinderApp.h; sourceTree = "<group>"; };
		A82C90E916E00B0500FF519C /* CinderSketch.h */ = {isa = PBXFileReference; fileEncoding = 4; lastKnownFileType = sourcecode.c.h; path = CinderSketch.h; sourceTree = "<group>"; };
		A82C90EA16E00B0500FF519C /* CinderSketchSimple.cpp */ = {isa = PBXFileReference; fileEncoding = 4; lastKnownFileType = sourcecode.cpp.cpp; path = CinderSketchSimple.cpp; sourceTree = "<group>"; };
		A82C90EB16E00B0500FF519C /* CinderSketchSimple.h */ = {isa = PBXFileReference; fileEncoding = 4; lastKnownFileType = sourcecode.c.h; path = CinderSketchSimple.h; sourceTree = "<group>"; };
		A82C90FA16E00B3B00FF519C /* GLUtils.cpp */ = {isa = PBXFileReference; fileEncoding = 4; lastKnownFileType = sourcecode.cpp.cpp; path = GLUtils.cpp; sourceTree = "<group>"; };
		A82C90FB16E00B3B00FF519C /* GLUtils.h */ = {isa = PBXFileReference; fileEncoding = 4; lastKnownFileType = sourcecode.c.h; path = GLUtils.h; sourceTree = "<group>"; };
		A82C90FC16E00B3B00FF519C /* Hasher.h */ = {isa = PBXFileReference; fileEncoding = 4; lastKnownFileType = sourcecode.c.h; path = Hasher.h; sourceTree = "<group>"; };
		A82C90FD16E00B3B00FF519C /* MathUtils.cpp */ = {isa = PBXFileReference; fileEncoding = 4; lastKnownFileType = sourcecode.cpp.cpp; path = MathUtils.cpp; sourceTree = "<group>"; };
		A82C90FE16E00B3B00FF519C /* MathUtils.h */ = {isa = PBXFileReference; fileEncoding = 4; lastKnownFileType = sourcecode.c.h; path = MathUtils.h; sourceTree = "<group>"; };
		A82C910216E00B3B00FF519C /* Utils.cpp */ = {isa = PBXFileReference; fileEncoding = 4; lastKnownFileType = sourcecode.cpp.cpp; path = Utils.cpp; sourceTree = "<group>"; };
		A82C910316E00B3B00FF519C /* Utils.h */ = {isa = PBXFileReference; fileEncoding = 4; lastKnownFileType = sourcecode.c.h; path = Utils.h; sourceTree = "<group>"; };
		A82C910816E02DAA00FF519C /* Sketch.cpp */ = {isa = PBXFileReference; fileEncoding = 4; lastKnownFileType = sourcecode.cpp.cpp; name = Sketch.cpp; path = ../src/Sketch.cpp; sourceTree = "<group>"; };
		A82C910916E02DAA00FF519C /* Sketch.h */ = {isa = PBXFileReference; fileEncoding = 4; lastKnownFileType = sourcecode.c.h; name = Sketch.h; path = ../src/Sketch.h; sourceTree = "<group>"; };
		A853DFD418116D42006C2085 /* FileSystem.cpp */ = {isa = PBXFileReference; fileEncoding = 4; lastKnownFileType = sourcecode.cpp.cpp; path = FileSystem.cpp; sourceTree = "<group>"; };
		A853DFD518116D42006C2085 /* FileSystem.h */ = {isa = PBXFileReference; fileEncoding = 4; lastKnownFileType = sourcecode.c.h; path = FileSystem.h; sourceTree = "<group>"; };
		A87208051808302E0055F0BA /* CinderSketchBase.h */ = {isa = PBXFileReference; lastKnownFileType = sourcecode.c.h; path = CinderSketchBase.h; sourceTree = "<group>"; };
		A8F9FBC718C3754600C48245 /* StrokeHelper.h */ = {isa = PBXFileReference; fileEncoding = 4; lastKnownFileType = sourcecode.c.h; path = StrokeHelper.h; sourceTree = "<group>"; };
		A8F9FBC818C3754600C48245 /* TexturedTriangleStrip.h */ = {isa = PBXFileReference; fileEncoding = 4; lastKnownFileType = sourcecode.c.h; path = TexturedTriangleStrip.h; sourceTree = "<group>"; };
		A8F9FBDD18C3E25200C48245 /* FXGDocument.h */ = {isa = PBXFileReference; fileEncoding = 4; lastKnownFileType = sourcecode.c.h; path = FXGDocument.h; sourceTree = "<group>"; };
		A8F9FBDE18C3E25200C48245 /* FXGDocument.cpp */ = {isa = PBXFileReference; fileEncoding = 4; lastKnownFileType = sourcecode.cpp.cpp; path = FXGDocument.cpp; sourceTree = "<group>"; };
		A8F9FBE018C3E2EA00C48245 /* spline_1.dat */ = {isa = PBXFileReference; lastKnownFileType = file; name = spline_1.dat; path = ../resources/spline_1.dat; sourceTree = "<group>"; };
		A8F9FBE618C3E4E300C48245 /* lys.fxg */ = {isa = PBXFileReference; fileEncoding = 4; lastKnownFileType = text.xml; name = lys.fxg; path = ../resources/lys.fxg; sourceTree = "<group>"; };
		A8F9FBF118C3F8B800C48245 /* dot2x.png */ = {isa = PBXFileReference; lastKnownFileType = image.png; name = dot2x.png; path = ../resources/dot2x.png; sourceTree = "<group>"; };
		A8F9FBF518C413E900C48245 /* hairline.png */ = {isa = PBXFileReference; lastKnownFileType = image.png; name = hairline.png; path = ../resources/hairline.png; sourceTree = "<group>"; };
		A8F9FBF718C413E900C48245 /* asphalt_128_alpha.png */ = {isa = PBXFileReference; lastKnownFileType = image.png; name = asphalt_128_alpha.png; path = ../resources/asphalt_128_alpha.png; sourceTree = "<group>"; };
		A8F9FBFB18C41D3C00C48245 /* hairline_dashed.png */ = {isa = PBXFileReference; lastKnownFileType = image.png; name = hairline_dashed.png; path = ../resources/hairline_dashed.png; sourceTree = "<group>"; };
		A8F9FC0918C42EC400C48245 /* hairline_dense.png */ = {isa = PBXFileReference; lastKnownFileType = image.png; name = hairline_dense.png; path = ../resources/hairline_dense.png; sourceTree = "<group>"; };
		A8F9FC0A18C42EC400C48245 /* hairline_dashed_dense.png */ = {isa = PBXFileReference; lastKnownFileType = image.png; name = hairline_dashed_dense.png; path = ../resources/hairline_dashed_dense.png; sourceTree = "<group>"; };
		A8F9FC0D18C4AD2D00C48245 /* Hairline.cpp */ = {isa = PBXFileReference; fileEncoding = 4; lastKnownFileType = sourcecode.cpp.cpp; name = Hairline.cpp; path = ../src/Hairline.cpp; sourceTree = "<group>"; };
		A8F9FC0E18C4AD2D00C48245 /* Hairline.h */ = {isa = PBXFileReference; fileEncoding = 4; lastKnownFileType = sourcecode.c.h; name = Hairline.h; path = ../src/Hairline.h; sourceTree = "<group>"; };
/* End PBXFileReference section */

/* Begin PBXFrameworksBuildPhase section */
		8D11072E0486CEB800E47090 /* Frameworks */ = {
			isa = PBXFrameworksBuildPhase;
			buildActionMask = 2147483647;
			files = (
				8D11072F0486CEB800E47090 /* Cocoa.framework in Frameworks */,
				0091D8F90E81B9330029341E /* OpenGL.framework in Frameworks */,
				5323E6B20EAFCA74003A9687 /* CoreVideo.framework in Frameworks */,
				5323E6B60EAFCA7E003A9687 /* QTKit.framework in Frameworks */,
				00B784B30FF439BC000DE1D7 /* Accelerate.framework in Frameworks */,
				00B784B40FF439BC000DE1D7 /* AudioToolbox.framework in Frameworks */,
				00B784B50FF439BC000DE1D7 /* AudioUnit.framework in Frameworks */,
				00B784B60FF439BC000DE1D7 /* CoreAudio.framework in Frameworks */,
			);
			runOnlyForDeploymentPostprocessing = 0;
		};
/* End PBXFrameworksBuildPhase section */

/* Begin PBXGroup section */
		080E96DDFE201D6D7F000001 /* Source */ = {
			isa = PBXGroup;
			children = (
				A821DF8D16ED34A800DB025D /* Application.cpp */,
				A82C910916E02DAA00FF519C /* Sketch.h */,
				A82C910816E02DAA00FF519C /* Sketch.cpp */,
				A8F9FC0E18C4AD2D00C48245 /* Hairline.h */,
				A8F9FC0D18C4AD2D00C48245 /* Hairline.cpp */,
			);
			name = Source;
			sourceTree = "<group>";
		};
		1058C7A0FEA54F0111CA2CBB /* Linked Frameworks */ = {
			isa = PBXGroup;
			children = (
				00B784AF0FF439BC000DE1D7 /* Accelerate.framework */,
				00B784B00FF439BC000DE1D7 /* AudioToolbox.framework */,
				00B784B10FF439BC000DE1D7 /* AudioUnit.framework */,
				00B784B20FF439BC000DE1D7 /* CoreAudio.framework */,
				5323E6B50EAFCA7E003A9687 /* QTKit.framework */,
				5323E6B10EAFCA74003A9687 /* CoreVideo.framework */,
				0091D8F80E81B9330029341E /* OpenGL.framework */,
				1058C7A1FEA54F0111CA2CBB /* Cocoa.framework */,
			);
			name = "Linked Frameworks";
			sourceTree = "<group>";
		};
		1058C7A2FEA54F0111CA2CBB /* Other Frameworks */ = {
			isa = PBXGroup;
			children = (
				29B97324FDCFA39411CA2CEA /* AppKit.framework */,
				29B97325FDCFA39411CA2CEA /* Foundation.framework */,
			);
			name = "Other Frameworks";
			sourceTree = "<group>";
		};
		19C28FACFE9D520D11CA2CBB /* Products */ = {
			isa = PBXGroup;
			children = (
				8D1107320486CEB800E47090 /* PathWorks2.app */,
			);
			name = Products;
			sourceTree = "<group>";
		};
		29B97314FDCFA39411CA2CEA /* PathWorks2 */ = {
			isa = PBXGroup;
			children = (
				A8985B3C16DA4EB300448A41 /* chronotext */,
				080E96DDFE201D6D7F000001 /* Source */,
				29B97317FDCFA39411CA2CEA /* Resources */,
				A879AD8C16D667C900BE6783 /* OSX */,
				29B97323FDCFA39411CA2CEA /* Frameworks */,
				19C28FACFE9D520D11CA2CBB /* Products */,
			);
			name = PathWorks2;
			sourceTree = "<group>";
		};
		29B97317FDCFA39411CA2CEA /* Resources */ = {
			isa = PBXGroup;
			children = (
				A8F9FBF518C413E900C48245 /* hairline.png */,
				A8F9FC0918C42EC400C48245 /* hairline_dense.png */,
				A8F9FBFB18C41D3C00C48245 /* hairline_dashed.png */,
				A8F9FC0A18C42EC400C48245 /* hairline_dashed_dense.png */,
				A8F9FBF118C3F8B800C48245 /* dot2x.png */,
				A8F9FBF718C413E900C48245 /* asphalt_128_alpha.png */,
				A8F9FBE618C3E4E300C48245 /* lys.fxg */,
				A8F9FBE018C3E2EA00C48245 /* spline_1.dat */,
			);
			name = Resources;
			sourceTree = "<group>";
		};
		29B97323FDCFA39411CA2CEA /* Frameworks */ = {
			isa = PBXGroup;
			children = (
				1058C7A0FEA54F0111CA2CBB /* Linked Frameworks */,
				1058C7A2FEA54F0111CA2CBB /* Other Frameworks */,
			);
			name = Frameworks;
			sourceTree = "<group>";
		};
		A8027DF716E377AE00184149 /* Resources */ = {
			isa = PBXGroup;
			children = (
				A8027DF816E377AE00184149 /* icon.icns */,
			);
			path = Resources;
			sourceTree = "<group>";
		};
		A822632618BE224C00D57C8C /* texture */ = {
			isa = PBXGroup;
			children = (
				A822632718BE224C00D57C8C /* PVRHelper.cpp */,
				A822632818BE224C00D57C8C /* PVRHelper.h */,
				A822632918BE224C00D57C8C /* Sprite.cpp */,
				A822632A18BE224C00D57C8C /* Sprite.h */,
				A822632B18BE224C00D57C8C /* Texture.cpp */,
				A822632C18BE224C00D57C8C /* Texture.h */,
				A822632D18BE224C00D57C8C /* TextureData.h */,
				A822632E18BE224C00D57C8C /* TextureHelper.cpp */,
				A822632F18BE224C00D57C8C /* TextureHelper.h */,
				A822633018BE224C00D57C8C /* TextureManager.cpp */,
				A822633118BE224C00D57C8C /* TextureManager.h */,
				A822633218BE224C00D57C8C /* TextureRequest.h */,
			);
			path = texture;
			sourceTree = "<group>";
		};
		A822635218BE705100D57C8C /* path */ = {
			isa = PBXGroup;
			children = (
				A822635518BE705100D57C8C /* FollowablePath.cpp */,
				A822635618BE705100D57C8C /* FollowablePath.h */,
				A822635718BE705100D57C8C /* SplinePath.cpp */,
				A822635818BE705100D57C8C /* SplinePath.h */,
				A822639518C17ACC00D57C8C /* ASPC.h */,
				A8F9FBC718C3754600C48245 /* StrokeHelper.h */,
				A8F9FBC818C3754600C48245 /* TexturedTriangleStrip.h */,
				A8F9FBDD18C3E25200C48245 /* FXGDocument.h */,
				A8F9FBDE18C3E25200C48245 /* FXGDocument.cpp */,
			);
			path = path;
			sourceTree = "<group>";
		};
		A822636E18BF54BC00D57C8C /* time */ = {
			isa = PBXGroup;
			children = (
				A822636F18BF54BC00D57C8C /* Clock.cpp */,
				A822637018BF54BC00D57C8C /* Clock.h */,
				A822637118BF54BC00D57C8C /* DefaultTimeBase.h */,
				A822637218BF54BC00D57C8C /* MasterClock.cpp */,
				A822637318BF54BC00D57C8C /* MasterClock.h */,
				A822637418BF54BC00D57C8C /* TickingClock.cpp */,
				A822637518BF54BC00D57C8C /* TickingClock.h */,
				A822637618BF54BC00D57C8C /* TimeBase.h */,
			);
			path = time;
			sourceTree = "<group>";
		};
		A82986FC18BD00C300934642 /* os */ = {
			isa = PBXGroup;
			children = (
				A82986FD18BD00C300934642 /* Handler.cpp */,
				A82986FE18BD00C300934642 /* Handler.h */,
				A82986FF18BD00C300934642 /* Message.h */,
				A829870018BD00C300934642 /* SubHandler.h */,
				A829870118BD00C300934642 /* SuperHandler.cpp */,
				A829870218BD00C300934642 /* SuperHandler.h */,
			);
			path = os;
			sourceTree = "<group>";
		};
		A829870718BD02D500934642 /* font */ = {
			isa = PBXGroup;
			children = (
				A829870818BD02D500934642 /* FontMatrix.cpp */,
				A829870918BD02D500934642 /* FontMatrix.h */,
				A829870A18BD02D500934642 /* GlyphBatch.h */,
				A829870B18BD02D500934642 /* GlyphQuad.h */,
				A829870C18BD02D500934642 /* xf */,
			);
			path = font;
			sourceTree = "<group>";
		};
		A829870C18BD02D500934642 /* xf */ = {
			isa = PBXGroup;
			children = (
				A829870D18BD02D500934642 /* Font.cpp */,
				A829870E18BD02D500934642 /* Font.h */,
				A829870F18BD02D500934642 /* FontManager.cpp */,
				A829871018BD02D500934642 /* FontManager.h */,
				A829871118BD02D500934642 /* FontSequence.cpp */,
				A829871218BD02D500934642 /* FontSequence.h */,
				A829871318BD02D500934642 /* TextHelper.cpp */,
				A829871418BD02D500934642 /* TextHelper.h */,
			);
			path = xf;
			sourceTree = "<group>";
		};
		A82C90E616E00B0400FF519C /* cinder */ = {
			isa = PBXGroup;
			children = (
				A82C90E816E00B0500FF519C /* CinderApp.h */,
				A82C90E716E00B0500FF519C /* CinderApp.cpp */,
				A82C90E916E00B0500FF519C /* CinderSketch.h */,
				A87208051808302E0055F0BA /* CinderSketchBase.h */,
				A82C90EB16E00B0500FF519C /* CinderSketchSimple.h */,
				A82C90EA16E00B0500FF519C /* CinderSketchSimple.cpp */,
			);
			path = cinder;
			sourceTree = "<group>";
		};
		A82C90F416E00B3B00FF519C /* utils */ = {
			isa = PBXGroup;
			children = (
				A82C90FB16E00B3B00FF519C /* GLUtils.h */,
				A82C90FA16E00B3B00FF519C /* GLUtils.cpp */,
				A82C90FC16E00B3B00FF519C /* Hasher.h */,
				A82C90FE16E00B3B00FF519C /* MathUtils.h */,
				A82C90FD16E00B3B00FF519C /* MathUtils.cpp */,
				A82C910316E00B3B00FF519C /* Utils.h */,
				A82C910216E00B3B00FF519C /* Utils.cpp */,
			);
			path = utils;
			sourceTree = "<group>";
		};
		A879AD8C16D667C900BE6783 /* OSX */ = {
			isa = PBXGroup;
			children = (
				A3F48157030643B0B32007F4 /* Info.plist */,
				3AE7D94AFD3E4E749C47CA7D /* Prefix.pch */,
				A8027DF716E377AE00184149 /* Resources */,
			);
			name = OSX;
			sourceTree = "<group>";
		};
		A8985B3C16DA4EB300448A41 /* chronotext */ = {
			isa = PBXGroup;
			children = (
				A853DFD418116D42006C2085 /* FileSystem.cpp */,
				A853DFD518116D42006C2085 /* FileSystem.h */,
				A82C909816DFA58900FF519C /* InputSource.h */,
				A82C909716DFA58900FF519C /* InputSource.cpp */,
				A82C90E616E00B0400FF519C /* cinder */,
				A829870718BD02D500934642 /* font */,
				A822632618BE224C00D57C8C /* texture */,
				A822635218BE705100D57C8C /* path */,
				A82986FC18BD00C300934642 /* os */,
				A822636E18BF54BC00D57C8C /* time */,
				A82C90F416E00B3B00FF519C /* utils */,
			);
			name = chronotext;
			path = ../../../src/chronotext;
			sourceTree = "<group>";
		};
/* End PBXGroup section */

/* Begin PBXNativeTarget section */
		8D1107260486CEB800E47090 /* PathWorks2 */ = {
			isa = PBXNativeTarget;
			buildConfigurationList = C01FCF4A08A954540054247B /* Build configuration list for PBXNativeTarget "PathWorks2" */;
			buildPhases = (
				8D1107290486CEB800E47090 /* Resources */,
				8D11072C0486CEB800E47090 /* Sources */,
				8D11072E0486CEB800E47090 /* Frameworks */,
			);
			buildRules = (
			);
			dependencies = (
			);
			name = PathWorks2;
			productInstallPath = "$(HOME)/Applications";
			productName = PathWorks2;
			productReference = 8D1107320486CEB800E47090 /* PathWorks2.app */;
			productType = "com.apple.product-type.application";
		};
/* End PBXNativeTarget section */

/* Begin PBXProject section */
		29B97313FDCFA39411CA2CEA /* Project object */ = {
			isa = PBXProject;
			attributes = {
			};
			buildConfigurationList = C01FCF4E08A954540054247B /* Build configuration list for PBXProject "PathWorks2" */;
			compatibilityVersion = "Xcode 3.1";
			developmentRegion = English;
			hasScannedForEncodings = 1;
			knownRegions = (
				English,
				Japanese,
				French,
				German,
			);
			mainGroup = 29B97314FDCFA39411CA2CEA /* PathWorks2 */;
			projectDirPath = "";
			projectRoot = "";
			targets = (
				8D1107260486CEB800E47090 /* PathWorks2 */,
			);
		};
/* End PBXProject section */

/* Begin PBXResourcesBuildPhase section */
		8D1107290486CEB800E47090 /* Resources */ = {
			isa = PBXResourcesBuildPhase;
			buildActionMask = 2147483647;
			files = (
				A8F9FBE718C3E4E300C48245 /* lys.fxg in Resources */,
				A8F9FBFA18C413E900C48245 /* asphalt_128_alpha.png in Resources */,
				A8F9FBF818C413E900C48245 /* hairline.png in Resources */,
				A8F9FBF218C3F8B800C48245 /* dot2x.png in Resources */,
				A8F9FBE318C3E2EA00C48245 /* spline_1.dat in Resources */,
				A8027DFA16E377AE00184149 /* icon.icns in Resources */,
				A8F9FBFC18C41D3C00C48245 /* hairline_dashed.png in Resources */,
				A8F9FC0B18C42EC400C48245 /* hairline_dense.png in Resources */,
				A8F9FC0C18C42EC400C48245 /* hairline_dashed_dense.png in Resources */,
			);
			runOnlyForDeploymentPostprocessing = 0;
		};
/* End PBXResourcesBuildPhase section */

/* Begin PBXSourcesBuildPhase section */
		8D11072C0486CEB800E47090 /* Sources */ = {
			isa = PBXSourcesBuildPhase;
			buildActionMask = 2147483647;
			files = (
				A822635A18BE705100D57C8C /* FollowablePath.cpp in Sources */,
				A829873018BD02D500934642 /* Font.cpp in Sources */,
				A822637818BF54BC00D57C8C /* MasterClock.cpp in Sources */,
				A822637918BF54BC00D57C8C /* TickingClock.cpp in Sources */,
				A82C909916DFA58900FF519C /* InputSource.cpp in Sources */,
				A82C90EC16E00B0500FF519C /* CinderApp.cpp in Sources */,
				A822633618BE224C00D57C8C /* TextureHelper.cpp in Sources */,
				A8F9FC0F18C4AD2D00C48245 /* Hairline.cpp in Sources */,
				A82C90ED16E00B0500FF519C /* CinderSketchSimple.cpp in Sources */,
				A829873318BD02D500934642 /* TextHelper.cpp in Sources */,
				A822635B18BE705100D57C8C /* SplinePath.cpp in Sources */,
				A829873218BD02D500934642 /* FontSequence.cpp in Sources */,
				A82C910516E00B3B00FF519C /* GLUtils.cpp in Sources */,
				A829870318BD00C300934642 /* Handler.cpp in Sources */,
				A822633418BE224C00D57C8C /* Sprite.cpp in Sources */,
				A82C910616E00B3B00FF519C /* MathUtils.cpp in Sources */,
				A829870418BD00C300934642 /* SuperHandler.cpp in Sources */,
				A822633318BE224C00D57C8C /* PVRHelper.cpp in Sources */,
				A82C910716E00B3B00FF519C /* Utils.cpp in Sources */,
				A822637718BF54BC00D57C8C /* Clock.cpp in Sources */,
				A822633518BE224C00D57C8C /* Texture.cpp in Sources */,
				A82C910A16E02DAA00FF519C /* Sketch.cpp in Sources */,
				A829873118BD02D500934642 /* FontManager.cpp in Sources */,
				A8F9FBDF18C3E25200C48245 /* FXGDocument.cpp in Sources */,
				A821DF8E16ED34A800DB025D /* Application.cpp in Sources */,
				A853DFD618116D42006C2085 /* FileSystem.cpp in Sources */,
				A829872F18BD02D500934642 /* FontMatrix.cpp in Sources */,
				A822633718BE224C00D57C8C /* TextureManager.cpp in Sources */,
			);
			runOnlyForDeploymentPostprocessing = 0;
		};
/* End PBXSourcesBuildPhase section */

/* Begin XCBuildConfiguration section */
		C01FCF4B08A954540054247B /* Debug */ = {
			isa = XCBuildConfiguration;
			buildSettings = {
				COMBINE_HIDPI_IMAGES = YES;
				COPY_PHASE_STRIP = NO;
				DEAD_CODE_STRIPPING = YES;
				GCC_DYNAMIC_NO_PIC = NO;
				GCC_INLINES_ARE_PRIVATE_EXTERN = YES;
				GCC_OPTIMIZATION_LEVEL = 0;
				GCC_PRECOMPILE_PREFIX_HEADER = YES;
				GCC_PREFIX_HEADER = Prefix.pch;
				GCC_SYMBOLS_PRIVATE_EXTERN = NO;
				INFOPLIST_FILE = Info.plist;
				INSTALL_PATH = "$(HOME)/Applications";
				OTHER_LDFLAGS = "\"$(CINDER_PATH)/lib/libcinder_d.a\"";
				PRODUCT_NAME = PathWorks2;
				SYMROOT = ./build;
				WRAPPER_EXTENSION = app;
			};
			name = Debug;
		};
		C01FCF4C08A954540054247B /* Release */ = {
			isa = XCBuildConfiguration;
			buildSettings = {
				COMBINE_HIDPI_IMAGES = YES;
				DEAD_CODE_STRIPPING = YES;
				DEBUG_INFORMATION_FORMAT = "dwarf-with-dsym";
				GCC_FAST_MATH = YES;
				GCC_GENERATE_DEBUGGING_SYMBOLS = NO;
				GCC_INLINES_ARE_PRIVATE_EXTERN = YES;
				GCC_OPTIMIZATION_LEVEL = 3;
				GCC_PRECOMPILE_PREFIX_HEADER = YES;
				GCC_PREFIX_HEADER = Prefix.pch;
				GCC_SYMBOLS_PRIVATE_EXTERN = NO;
				INFOPLIST_FILE = Info.plist;
				INSTALL_PATH = "$(HOME)/Applications";
				OTHER_LDFLAGS = "\"$(CINDER_PATH)/lib/libcinder.a\"";
				PRODUCT_NAME = PathWorks2;
				STRIP_INSTALLED_PRODUCT = YES;
				SYMROOT = ./build;
				WRAPPER_EXTENSION = app;
			};
			name = Release;
		};
		C01FCF4F08A954540054247B /* Debug */ = {
			isa = XCBuildConfiguration;
			buildSettings = {
				ALWAYS_SEARCH_USER_PATHS = NO;
				ARCHS = i386;
				CINDER_PATH = ../../../../../../Cinder;
				CLANG_CXX_LANGUAGE_STANDARD = "c++0x";
				CLANG_CXX_LIBRARY = "libc++";
				GCC_PREPROCESSOR_DEFINITIONS = "DEBUG=1";
				GCC_WARN_ABOUT_RETURN_TYPE = YES;
				GCC_WARN_UNUSED_VARIABLE = YES;
				HEADER_SEARCH_PATHS = "\"$(CINDER_PATH)/boost\"";
				MACOSX_DEPLOYMENT_TARGET = 10.7;
				SDKROOT = macosx;
				USER_HEADER_SEARCH_PATHS = "\"$(CINDER_PATH)/include\" ../include \"$(CINDER_PATH)/blocks/new-chronotext-toolkit/src\"";
			};
			name = Debug;
		};
		C01FCF5008A954540054247B /* Release */ = {
			isa = XCBuildConfiguration;
			buildSettings = {
				ALWAYS_SEARCH_USER_PATHS = NO;
				ARCHS = i386;
				CINDER_PATH = ../../../../../../Cinder;
				CLANG_CXX_LANGUAGE_STANDARD = "c++0x";
				CLANG_CXX_LIBRARY = "libc++";
				GCC_WARN_ABOUT_RETURN_TYPE = YES;
				GCC_WARN_UNUSED_VARIABLE = YES;
				HEADER_SEARCH_PATHS = "\"$(CINDER_PATH)/boost\"";
				MACOSX_DEPLOYMENT_TARGET = 10.7;
				SDKROOT = macosx;
				USER_HEADER_SEARCH_PATHS = "\"$(CINDER_PATH)/include\" ../include \"$(CINDER_PATH)/blocks/new-chronotext-toolkit/src\"";
			};
			name = Release;
		};
/* End XCBuildConfiguration section */

/* Begin XCConfigurationList section */
		C01FCF4A08A954540054247B /* Build configuration list for PBXNativeTarget "PathWorks2" */ = {
			isa = XCConfigurationList;
			buildConfigurations = (
				C01FCF4B08A954540054247B /* Debug */,
				C01FCF4C08A954540054247B /* Release */,
			);
			defaultConfigurationIsVisible = 0;
			defaultConfigurationName = Release;
		};
		C01FCF4E08A954540054247B /* Build configuration list for PBXProject "PathWorks2" */ = {
			isa = XCConfigurationList;
			buildConfigurations = (
				C01FCF4F08A954540054247B /* Debug */,
				C01FCF5008A954540054247B /* Release */,
			);
			defaultConfigurationIsVisible = 0;
			defaultConfigurationName = Release;
		};
/* End XCConfigurationList section */
	};
	rootObject = 29B97313FDCFA39411CA2CEA /* Project object */;
}
