// !$*UTF8*$!
{
	archiveVersion = 1;
	classes = {
	};
	objectVersion = 46;
	objects = {

/* Begin PBXBuildFile section */
		0091D8F90E81B9330029341E /* OpenGL.framework in Frameworks */ = {isa = PBXBuildFile; fileRef = 0091D8F80E81B9330029341E /* OpenGL.framework */; };
		00B784B30FF439BC000DE1D7 /* Accelerate.framework in Frameworks */ = {isa = PBXBuildFile; fileRef = 00B784AF0FF439BC000DE1D7 /* Accelerate.framework */; };
		00B784B40FF439BC000DE1D7 /* AudioToolbox.framework in Frameworks */ = {isa = PBXBuildFile; fileRef = 00B784B00FF439BC000DE1D7 /* AudioToolbox.framework */; };
		00B784B50FF439BC000DE1D7 /* AudioUnit.framework in Frameworks */ = {isa = PBXBuildFile; fileRef = 00B784B10FF439BC000DE1D7 /* AudioUnit.framework */; };
		00B784B60FF439BC000DE1D7 /* CoreAudio.framework in Frameworks */ = {isa = PBXBuildFile; fileRef = 00B784B20FF439BC000DE1D7 /* CoreAudio.framework */; };
		5323E6B20EAFCA74003A9687 /* CoreVideo.framework in Frameworks */ = {isa = PBXBuildFile; fileRef = 5323E6B10EAFCA74003A9687 /* CoreVideo.framework */; };
		5323E6B60EAFCA7E003A9687 /* QTKit.framework in Frameworks */ = {isa = PBXBuildFile; fileRef = 5323E6B50EAFCA7E003A9687 /* QTKit.framework */; };
		8D11072F0486CEB800E47090 /* Cocoa.framework in Frameworks */ = {isa = PBXBuildFile; fileRef = 1058C7A1FEA54F0111CA2CBB /* Cocoa.framework */; };
		A8027DFA16E377AE00184149 /* icon.icns in Resources */ = {isa = PBXBuildFile; fileRef = A8027DF816E377AE00184149 /* icon.icns */; };
		A8112CCD1A4F63810002CF68 /* font-config.xml in Resources */ = {isa = PBXBuildFile; fileRef = A8112CCB1A4F63810002CF68 /* font-config.xml */; };
		A8112CCE1A4F63810002CF68 /* serif_regular_osx.xml in Resources */ = {isa = PBXBuildFile; fileRef = A8112CCC1A4F63810002CF68 /* serif_regular_osx.xml */; };
		A8112CD01A4F645F0002CF68 /* emulators.json in Resources */ = {isa = PBXBuildFile; fileRef = A8112CCF1A4F645F0002CF68 /* emulators.json */; };
		A8147E361A9965C000885D67 /* CinderDelegateBase.cpp in Sources */ = {isa = PBXBuildFile; fileRef = A8147E321A9965C000885D67 /* CinderDelegateBase.cpp */; };
		A8147E371A9965C000885D67 /* CinderSketch.cpp in Sources */ = {isa = PBXBuildFile; fileRef = A8147E341A9965C000885D67 /* CinderSketch.cpp */; };
		A8147E401A9965D700885D67 /* DisplayHelper.cpp in Sources */ = {isa = PBXBuildFile; fileRef = A8147E3A1A9965D700885D67 /* DisplayHelper.cpp */; };
		A8147E411A9965D700885D67 /* SystemManager.cpp in Sources */ = {isa = PBXBuildFile; fileRef = A8147E3E1A9965D700885D67 /* SystemManager.cpp */; };
		A8147E4F1A9965E100885D67 /* CinderBridge.mm in Sources */ = {isa = PBXBuildFile; fileRef = A8147E451A9965E100885D67 /* CinderBridge.mm */; };
		A8147E501A9965E100885D67 /* CinderDelegate.mm in Sources */ = {isa = PBXBuildFile; fileRef = A8147E471A9965E100885D67 /* CinderDelegate.mm */; };
		A8147E531A9965E100885D67 /* NSView+StringTag.m in Sources */ = {isa = PBXBuildFile; fileRef = A8147E4E1A9965E100885D67 /* NSView+StringTag.m */; };
		A8147E581A9965FE00885D67 /* ImageSourceFileStbImage.cpp in Sources */ = {isa = PBXBuildFile; fileRef = A8147E551A9965FE00885D67 /* ImageSourceFileStbImage.cpp */; };
		A822637718BF54BC00D57C8C /* Clock.cpp in Sources */ = {isa = PBXBuildFile; fileRef = A822636F18BF54BC00D57C8C /* Clock.cpp */; };
		A829870318BD00C300934642 /* Handler.cpp in Sources */ = {isa = PBXBuildFile; fileRef = A82986FD18BD00C300934642 /* Handler.cpp */; };
		A829870418BD00C300934642 /* SuperHandler.cpp in Sources */ = {isa = PBXBuildFile; fileRef = A829870118BD00C300934642 /* SuperHandler.cpp */; };
		A82C909916DFA58900FF519C /* InputSource.cpp in Sources */ = {isa = PBXBuildFile; fileRef = A82C909716DFA58900FF519C /* InputSource.cpp */; };
		A82C910516E00B3B00FF519C /* GLUtils.cpp in Sources */ = {isa = PBXBuildFile; fileRef = A82C90FA16E00B3B00FF519C /* GLUtils.cpp */; };
		A82C910616E00B3B00FF519C /* MathUtils.cpp in Sources */ = {isa = PBXBuildFile; fileRef = A82C90FD16E00B3B00FF519C /* MathUtils.cpp */; };
		A82C910716E00B3B00FF519C /* Utils.cpp in Sources */ = {isa = PBXBuildFile; fileRef = A82C910216E00B3B00FF519C /* Utils.cpp */; };
		A82C910A16E02DAA00FF519C /* Sketch.cpp in Sources */ = {isa = PBXBuildFile; fileRef = A82C910816E02DAA00FF519C /* Sketch.cpp */; };
		A85977441A2FC0E50080C906 /* main.cpp in Sources */ = {isa = PBXBuildFile; fileRef = A85977431A2FC0E50080C906 /* main.cpp */; };
		A859776C1A2FC1D40080C906 /* Task.cpp in Sources */ = {isa = PBXBuildFile; fileRef = A85977681A2FC1D40080C906 /* Task.cpp */; };
		A859776D1A2FC1D40080C906 /* TaskManager.cpp in Sources */ = {isa = PBXBuildFile; fileRef = A859776A1A2FC1D40080C906 /* TaskManager.cpp */; };
		A859777F1A2FD6400080C906 /* MemoryManager.mm in Sources */ = {isa = PBXBuildFile; fileRef = A85977771A2FD6400080C906 /* MemoryManager.mm */; };
		A85977801A2FD6400080C906 /* NSDictionary+DefautValues.m in Sources */ = {isa = PBXBuildFile; fileRef = A859777A1A2FD6400080C906 /* NSDictionary+DefautValues.m */; };
		A85977811A2FD6400080C906 /* NSMutableDictionary+Merge.m in Sources */ = {isa = PBXBuildFile; fileRef = A859777C1A2FD6400080C906 /* NSMutableDictionary+Merge.m */; };
		A85977821A2FD6400080C906 /* NSString+JSON.m in Sources */ = {isa = PBXBuildFile; fileRef = A859777E1A2FD6400080C906 /* NSString+JSON.m */; };
		A85977841A309FEF0080C906 /* Application.cpp in Sources */ = {isa = PBXBuildFile; fileRef = A85977831A309FEF0080C906 /* Application.cpp */; };
		A867AB8A194B9AEF008EF66E /* QuadMatrix.cpp in Sources */ = {isa = PBXBuildFile; fileRef = A867AB88194B9AEF008EF66E /* QuadMatrix.cpp */; };
		A8702B071A5B44D100EF9E9E /* DisplayHelperBase.cpp in Sources */ = {isa = PBXBuildFile; fileRef = A8702AF81A5B44D100EF9E9E /* DisplayHelperBase.cpp */; };
		A8702B081A5B44D100EF9E9E /* FileHelperBase.cpp in Sources */ = {isa = PBXBuildFile; fileRef = A8702AFC1A5B44D100EF9E9E /* FileHelperBase.cpp */; };
		A8702B091A5B44D100EF9E9E /* MemoryManagerBase.cpp in Sources */ = {isa = PBXBuildFile; fileRef = A8702B001A5B44D100EF9E9E /* MemoryManagerBase.cpp */; };
		A8702B0A1A5B44D100EF9E9E /* SystemManagerBase.cpp in Sources */ = {isa = PBXBuildFile; fileRef = A8702B051A5B44D100EF9E9E /* SystemManagerBase.cpp */; };
		A8702B111A5B44E000EF9E9E /* FileHelper.mm in Sources */ = {isa = PBXBuildFile; fileRef = A8702B101A5B44E000EF9E9E /* FileHelper.mm */; };
		A89F40CD1AF445F40052917E /* LayoutStore.cpp in Sources */ = {isa = PBXBuildFile; fileRef = A89F40CB1AF445F40052917E /* LayoutStore.cpp */; };
		A8F595641A07784800877FB2 /* Log.cpp in Sources */ = {isa = PBXBuildFile; fileRef = A8F595631A07784800877FB2 /* Log.cpp */; };
		A8F9FC4B18C5683B00C48245 /* ActualFont.cpp in Sources */ = {isa = PBXBuildFile; fileRef = A8F9FC3218C5683B00C48245 /* ActualFont.cpp */; };
		A8F9FC4C18C5683B00C48245 /* FontManager.cpp in Sources */ = {isa = PBXBuildFile; fileRef = A8F9FC3418C5683B00C48245 /* FontManager.cpp */; };
		A8F9FC4D18C5683B00C48245 /* FontSequence.cpp in Sources */ = {isa = PBXBuildFile; fileRef = A8F9FC3618C5683B00C48245 /* FontSequence.cpp */; };
		A8F9FC4E18C5683B00C48245 /* FontTexture.cpp in Sources */ = {isa = PBXBuildFile; fileRef = A8F9FC3818C5683B00C48245 /* FontTexture.cpp */; };
		A8F9FC4F18C5683B00C48245 /* LangHelper.cpp in Sources */ = {isa = PBXBuildFile; fileRef = A8F9FC3D18C5683B00C48245 /* LangHelper.cpp */; };
		A8F9FC5118C5683B00C48245 /* LineLayout.cpp in Sources */ = {isa = PBXBuildFile; fileRef = A8F9FC4118C5683B00C48245 /* LineLayout.cpp */; };
		A8F9FC5218C5683B00C48245 /* scrptrun.cpp in Sources */ = {isa = PBXBuildFile; fileRef = A8F9FC4318C5683B00C48245 /* scrptrun.cpp */; };
		A8F9FC5318C5683B00C48245 /* TextItemizer.cpp in Sources */ = {isa = PBXBuildFile; fileRef = A8F9FC4518C5683B00C48245 /* TextItemizer.cpp */; };
		A8F9FC5418C5683B00C48245 /* VirtualFont.cpp in Sources */ = {isa = PBXBuildFile; fileRef = A8F9FC4918C5683B00C48245 /* VirtualFont.cpp */; };
		A8FBC4AD18E3B1A800F5BBEF /* FrameClock.cpp in Sources */ = {isa = PBXBuildFile; fileRef = A8FBC4AB18E3B1A800F5BBEF /* FrameClock.cpp */; };
/* End PBXBuildFile section */

/* Begin PBXFileReference section */
		0091D8F80E81B9330029341E /* OpenGL.framework */ = {isa = PBXFileReference; lastKnownFileType = wrapper.framework; name = OpenGL.framework; path = /System/Library/Frameworks/OpenGL.framework; sourceTree = "<absolute>"; };
		00B784AF0FF439BC000DE1D7 /* Accelerate.framework */ = {isa = PBXFileReference; lastKnownFileType = wrapper.framework; name = Accelerate.framework; path = System/Library/Frameworks/Accelerate.framework; sourceTree = SDKROOT; };
		00B784B00FF439BC000DE1D7 /* AudioToolbox.framework */ = {isa = PBXFileReference; lastKnownFileType = wrapper.framework; name = AudioToolbox.framework; path = System/Library/Frameworks/AudioToolbox.framework; sourceTree = SDKROOT; };
		00B784B10FF439BC000DE1D7 /* AudioUnit.framework */ = {isa = PBXFileReference; lastKnownFileType = wrapper.framework; name = AudioUnit.framework; path = System/Library/Frameworks/AudioUnit.framework; sourceTree = SDKROOT; };
		00B784B20FF439BC000DE1D7 /* CoreAudio.framework */ = {isa = PBXFileReference; lastKnownFileType = wrapper.framework; name = CoreAudio.framework; path = System/Library/Frameworks/CoreAudio.framework; sourceTree = SDKROOT; };
		1058C7A1FEA54F0111CA2CBB /* Cocoa.framework */ = {isa = PBXFileReference; lastKnownFileType = wrapper.framework; name = Cocoa.framework; path = /System/Library/Frameworks/Cocoa.framework; sourceTree = "<absolute>"; };
		29B97324FDCFA39411CA2CEA /* AppKit.framework */ = {isa = PBXFileReference; lastKnownFileType = wrapper.framework; name = AppKit.framework; path = /System/Library/Frameworks/AppKit.framework; sourceTree = "<absolute>"; };
		29B97325FDCFA39411CA2CEA /* Foundation.framework */ = {isa = PBXFileReference; lastKnownFileType = wrapper.framework; name = Foundation.framework; path = /System/Library/Frameworks/Foundation.framework; sourceTree = "<absolute>"; };
		3AE7D94AFD3E4E749C47CA7D /* Prefix.pch */ = {isa = PBXFileReference; lastKnownFileType = "\"\""; path = Prefix.pch; sourceTree = "<group>"; };
		5323E6B10EAFCA74003A9687 /* CoreVideo.framework */ = {isa = PBXFileReference; lastKnownFileType = wrapper.framework; name = CoreVideo.framework; path = /System/Library/Frameworks/CoreVideo.framework; sourceTree = "<absolute>"; };
		5323E6B50EAFCA7E003A9687 /* QTKit.framework */ = {isa = PBXFileReference; lastKnownFileType = wrapper.framework; name = QTKit.framework; path = /System/Library/Frameworks/QTKit.framework; sourceTree = "<absolute>"; };
		8D1107320486CEB800E47090 /* TextWorks1.app */ = {isa = PBXFileReference; explicitFileType = wrapper.application; includeInIndex = 0; path = TextWorks1.app; sourceTree = BUILT_PRODUCTS_DIR; };
		A3F48157030643B0B32007F4 /* Info.plist */ = {isa = PBXFileReference; lastKnownFileType = text.plist.xml; path = Info.plist; sourceTree = "<group>"; };
		A8027DF816E377AE00184149 /* icon.icns */ = {isa = PBXFileReference; lastKnownFileType = image.icns; path = icon.icns; sourceTree = "<group>"; };
		A8112A461A4B2A120002CF68 /* Config.xcconfig */ = {isa = PBXFileReference; fileEncoding = 4; lastKnownFileType = text.xcconfig; path = Config.xcconfig; sourceTree = "<group>"; };
		A8112A471A4B2A120002CF68 /* DebugConfig.xcconfig */ = {isa = PBXFileReference; fileEncoding = 4; lastKnownFileType = text.xcconfig; path = DebugConfig.xcconfig; sourceTree = "<group>"; };
		A8112A481A4B2A120002CF68 /* ReleaseConfig.xcconfig */ = {isa = PBXFileReference; fileEncoding = 4; lastKnownFileType = text.xcconfig; path = ReleaseConfig.xcconfig; sourceTree = "<group>"; };
		A8112CCB1A4F63810002CF68 /* font-config.xml */ = {isa = PBXFileReference; fileEncoding = 4; lastKnownFileType = text.xml; name = "font-config.xml"; path = "../resources/font-config.xml"; sourceTree = "<group>"; };
		A8112CCC1A4F63810002CF68 /* serif_regular_osx.xml */ = {isa = PBXFileReference; fileEncoding = 4; lastKnownFileType = text.xml; name = serif_regular_osx.xml; path = ../resources/serif_regular_osx.xml; sourceTree = "<group>"; };
		A8112CCF1A4F645F0002CF68 /* emulators.json */ = {isa = PBXFileReference; fileEncoding = 4; lastKnownFileType = text.json; path = emulators.json; sourceTree = "<group>"; };
		A8147E301A9965C000885D67 /* CinderDelegate.h */ = {isa = PBXFileReference; fileEncoding = 4; lastKnownFileType = sourcecode.c.h; path = CinderDelegate.h; sourceTree = "<group>"; };
		A8147E311A9965C000885D67 /* CinderDelegateBase.h */ = {isa = PBXFileReference; fileEncoding = 4; lastKnownFileType = sourcecode.c.h; path = CinderDelegateBase.h; sourceTree = "<group>"; };
		A8147E321A9965C000885D67 /* CinderDelegateBase.cpp */ = {isa = PBXFileReference; fileEncoding = 4; lastKnownFileType = sourcecode.cpp.cpp; path = CinderDelegateBase.cpp; sourceTree = "<group>"; };
		A8147E331A9965C000885D67 /* CinderSketch.h */ = {isa = PBXFileReference; fileEncoding = 4; lastKnownFileType = sourcecode.c.h; path = CinderSketch.h; sourceTree = "<group>"; };
		A8147E341A9965C000885D67 /* CinderSketch.cpp */ = {isa = PBXFileReference; fileEncoding = 4; lastKnownFileType = sourcecode.cpp.cpp; path = CinderSketch.cpp; sourceTree = "<group>"; };
		A8147E351A9965C000885D67 /* WindowInfo.h */ = {isa = PBXFileReference; fileEncoding = 4; lastKnownFileType = sourcecode.c.h; path = WindowInfo.h; sourceTree = "<group>"; };
		A8147E3A1A9965D700885D67 /* DisplayHelper.cpp */ = {isa = PBXFileReference; fileEncoding = 4; lastKnownFileType = sourcecode.cpp.cpp; path = DisplayHelper.cpp; sourceTree = "<group>"; };
		A8147E3B1A9965D700885D67 /* DisplayHelper.h */ = {isa = PBXFileReference; fileEncoding = 4; lastKnownFileType = sourcecode.c.h; path = DisplayHelper.h; sourceTree = "<group>"; };
		A8147E3C1A9965D700885D67 /* EmulatedDevice.h */ = {isa = PBXFileReference; fileEncoding = 4; lastKnownFileType = sourcecode.c.h; path = EmulatedDevice.h; sourceTree = "<group>"; };
		A8147E3D1A9965D700885D67 /* SystemInfo.h */ = {isa = PBXFileReference; fileEncoding = 4; lastKnownFileType = sourcecode.c.h; path = SystemInfo.h; sourceTree = "<group>"; };
		A8147E3E1A9965D700885D67 /* SystemManager.cpp */ = {isa = PBXFileReference; fileEncoding = 4; lastKnownFileType = sourcecode.cpp.cpp; path = SystemManager.cpp; sourceTree = "<group>"; };
		A8147E3F1A9965D700885D67 /* SystemManager.h */ = {isa = PBXFileReference; fileEncoding = 4; lastKnownFileType = sourcecode.c.h; path = SystemManager.h; sourceTree = "<group>"; };
		A8147E441A9965E100885D67 /* CinderBridge.h */ = {isa = PBXFileReference; fileEncoding = 4; lastKnownFileType = sourcecode.c.h; path = CinderBridge.h; sourceTree = "<group>"; };
		A8147E451A9965E100885D67 /* CinderBridge.mm */ = {isa = PBXFileReference; fileEncoding = 4; lastKnownFileType = sourcecode.cpp.objcpp; path = CinderBridge.mm; sourceTree = "<group>"; };
		A8147E461A9965E100885D67 /* CinderDelegate.h */ = {isa = PBXFileReference; fileEncoding = 4; lastKnownFileType = sourcecode.c.h; path = CinderDelegate.h; sourceTree = "<group>"; };
		A8147E471A9965E100885D67 /* CinderDelegate.mm */ = {isa = PBXFileReference; fileEncoding = 4; lastKnownFileType = sourcecode.cpp.objcpp; path = CinderDelegate.mm; sourceTree = "<group>"; };
		A8147E4D1A9965E100885D67 /* NSView+StringTag.h */ = {isa = PBXFileReference; fileEncoding = 4; lastKnownFileType = sourcecode.c.h; path = "NSView+StringTag.h"; sourceTree = "<group>"; };
		A8147E4E1A9965E100885D67 /* NSView+StringTag.m */ = {isa = PBXFileReference; fileEncoding = 4; lastKnownFileType = sourcecode.c.objc; path = "NSView+StringTag.m"; sourceTree = "<group>"; };
		A8147E551A9965FE00885D67 /* ImageSourceFileStbImage.cpp */ = {isa = PBXFileReference; fileEncoding = 4; lastKnownFileType = sourcecode.cpp.cpp; path = ImageSourceFileStbImage.cpp; sourceTree = "<group>"; };
		A8147E561A9965FE00885D67 /* ImageSourceFileStbImage.h */ = {isa = PBXFileReference; fileEncoding = 4; lastKnownFileType = sourcecode.c.h; path = ImageSourceFileStbImage.h; sourceTree = "<group>"; };
		A8147E571A9965FE00885D67 /* stb_image.h */ = {isa = PBXFileReference; fileEncoding = 4; lastKnownFileType = sourcecode.c.h; path = stb_image.h; sourceTree = "<group>"; };
		A822636F18BF54BC00D57C8C /* Clock.cpp */ = {isa = PBXFileReference; fileEncoding = 4; lastKnownFileType = sourcecode.cpp.cpp; path = Clock.cpp; sourceTree = "<group>"; };
		A822637018BF54BC00D57C8C /* Clock.h */ = {isa = PBXFileReference; fileEncoding = 4; lastKnownFileType = sourcecode.c.h; path = Clock.h; sourceTree = "<group>"; };
		A822637118BF54BC00D57C8C /* DefaultTimeBase.h */ = {isa = PBXFileReference; fileEncoding = 4; lastKnownFileType = sourcecode.c.h; path = DefaultTimeBase.h; sourceTree = "<group>"; };
		A822637618BF54BC00D57C8C /* TimeBase.h */ = {isa = PBXFileReference; fileEncoding = 4; lastKnownFileType = sourcecode.c.h; path = TimeBase.h; sourceTree = "<group>"; };
		A82986FD18BD00C300934642 /* Handler.cpp */ = {isa = PBXFileReference; fileEncoding = 4; lastKnownFileType = sourcecode.cpp.cpp; path = Handler.cpp; sourceTree = "<group>"; };
		A82986FE18BD00C300934642 /* Handler.h */ = {isa = PBXFileReference; fileEncoding = 4; lastKnownFileType = sourcecode.c.h; path = Handler.h; sourceTree = "<group>"; };
		A82986FF18BD00C300934642 /* Message.h */ = {isa = PBXFileReference; fileEncoding = 4; lastKnownFileType = sourcecode.c.h; path = Message.h; sourceTree = "<group>"; };
		A829870018BD00C300934642 /* SubHandler.h */ = {isa = PBXFileReference; fileEncoding = 4; lastKnownFileType = sourcecode.c.h; path = SubHandler.h; sourceTree = "<group>"; };
		A829870118BD00C300934642 /* SuperHandler.cpp */ = {isa = PBXFileReference; fileEncoding = 4; lastKnownFileType = sourcecode.cpp.cpp; path = SuperHandler.cpp; sourceTree = "<group>"; };
		A829870218BD00C300934642 /* SuperHandler.h */ = {isa = PBXFileReference; fileEncoding = 4; lastKnownFileType = sourcecode.c.h; path = SuperHandler.h; sourceTree = "<group>"; };
		A82C909716DFA58900FF519C /* InputSource.cpp */ = {isa = PBXFileReference; fileEncoding = 4; lastKnownFileType = sourcecode.cpp.cpp; path = InputSource.cpp; sourceTree = "<group>"; };
		A82C909816DFA58900FF519C /* InputSource.h */ = {isa = PBXFileReference; fileEncoding = 4; lastKnownFileType = sourcecode.c.h; path = InputSource.h; sourceTree = "<group>"; };
		A82C90FA16E00B3B00FF519C /* GLUtils.cpp */ = {isa = PBXFileReference; fileEncoding = 4; lastKnownFileType = sourcecode.cpp.cpp; path = GLUtils.cpp; sourceTree = "<group>"; };
		A82C90FB16E00B3B00FF519C /* GLUtils.h */ = {isa = PBXFileReference; fileEncoding = 4; lastKnownFileType = sourcecode.c.h; path = GLUtils.h; sourceTree = "<group>"; };
		A82C90FD16E00B3B00FF519C /* MathUtils.cpp */ = {isa = PBXFileReference; fileEncoding = 4; lastKnownFileType = sourcecode.cpp.cpp; path = MathUtils.cpp; sourceTree = "<group>"; };
		A82C90FE16E00B3B00FF519C /* MathUtils.h */ = {isa = PBXFileReference; fileEncoding = 4; lastKnownFileType = sourcecode.c.h; path = MathUtils.h; sourceTree = "<group>"; };
		A82C910216E00B3B00FF519C /* Utils.cpp */ = {isa = PBXFileReference; fileEncoding = 4; lastKnownFileType = sourcecode.cpp.cpp; path = Utils.cpp; sourceTree = "<group>"; };
		A82C910316E00B3B00FF519C /* Utils.h */ = {isa = PBXFileReference; fileEncoding = 4; lastKnownFileType = sourcecode.c.h; path = Utils.h; sourceTree = "<group>"; };
		A82C910816E02DAA00FF519C /* Sketch.cpp */ = {isa = PBXFileReference; fileEncoding = 4; lastKnownFileType = sourcecode.cpp.cpp; name = Sketch.cpp; path = ../src/Sketch.cpp; sourceTree = "<group>"; };
		A82C910916E02DAA00FF519C /* Sketch.h */ = {isa = PBXFileReference; fileEncoding = 4; lastKnownFileType = sourcecode.c.h; name = Sketch.h; path = ../src/Sketch.h; sourceTree = "<group>"; };
		A85977431A2FC0E50080C906 /* main.cpp */ = {isa = PBXFileReference; explicitFileType = sourcecode.cpp.objcpp; fileEncoding = 4; name = main.cpp; path = ../src/main.cpp; sourceTree = "<group>"; };
		A85977481A2FC1350080C906 /* Application.h */ = {isa = PBXFileReference; fileEncoding = 4; lastKnownFileType = sourcecode.c.h; path = Application.h; sourceTree = "<group>"; };
		A85977681A2FC1D40080C906 /* Task.cpp */ = {isa = PBXFileReference; fileEncoding = 4; lastKnownFileType = sourcecode.cpp.cpp; path = Task.cpp; sourceTree = "<group>"; };
		A85977691A2FC1D40080C906 /* Task.h */ = {isa = PBXFileReference; fileEncoding = 4; lastKnownFileType = sourcecode.c.h; path = Task.h; sourceTree = "<group>"; };
		A859776A1A2FC1D40080C906 /* TaskManager.cpp */ = {isa = PBXFileReference; fileEncoding = 4; lastKnownFileType = sourcecode.cpp.cpp; path = TaskManager.cpp; sourceTree = "<group>"; };
		A859776B1A2FC1D40080C906 /* TaskManager.h */ = {isa = PBXFileReference; fileEncoding = 4; lastKnownFileType = sourcecode.c.h; path = TaskManager.h; sourceTree = "<group>"; };
		A85977761A2FD6400080C906 /* MemoryManager.h */ = {isa = PBXFileReference; fileEncoding = 4; lastKnownFileType = sourcecode.c.h; path = MemoryManager.h; sourceTree = "<group>"; };
		A85977771A2FD6400080C906 /* MemoryManager.mm */ = {isa = PBXFileReference; fileEncoding = 4; lastKnownFileType = sourcecode.cpp.objcpp; path = MemoryManager.mm; sourceTree = "<group>"; };
		A85977791A2FD6400080C906 /* NSDictionary+DefautValues.h */ = {isa = PBXFileReference; fileEncoding = 4; lastKnownFileType = sourcecode.c.h; path = "NSDictionary+DefautValues.h"; sourceTree = "<group>"; };
		A859777A1A2FD6400080C906 /* NSDictionary+DefautValues.m */ = {isa = PBXFileReference; fileEncoding = 4; lastKnownFileType = sourcecode.c.objc; path = "NSDictionary+DefautValues.m"; sourceTree = "<group>"; };
		A859777B1A2FD6400080C906 /* NSMutableDictionary+Merge.h */ = {isa = PBXFileReference; fileEncoding = 4; lastKnownFileType = sourcecode.c.h; path = "NSMutableDictionary+Merge.h"; sourceTree = "<group>"; };
		A859777C1A2FD6400080C906 /* NSMutableDictionary+Merge.m */ = {isa = PBXFileReference; fileEncoding = 4; lastKnownFileType = sourcecode.c.objc; path = "NSMutableDictionary+Merge.m"; sourceTree = "<group>"; };
		A859777D1A2FD6400080C906 /* NSString+JSON.h */ = {isa = PBXFileReference; fileEncoding = 4; lastKnownFileType = sourcecode.c.h; path = "NSString+JSON.h"; sourceTree = "<group>"; };
		A859777E1A2FD6400080C906 /* NSString+JSON.m */ = {isa = PBXFileReference; fileEncoding = 4; lastKnownFileType = sourcecode.c.objc; path = "NSString+JSON.m"; sourceTree = "<group>"; };
		A85977831A309FEF0080C906 /* Application.cpp */ = {isa = PBXFileReference; explicitFileType = sourcecode.cpp.objcpp; fileEncoding = 4; path = Application.cpp; sourceTree = "<group>"; };
		A86673A31A33AC9E00995C88 /* Context.h */ = {isa = PBXFileReference; fileEncoding = 4; lastKnownFileType = sourcecode.c.h; path = Context.h; sourceTree = "<group>"; };
		A867AB85194B9AEF008EF66E /* Quad.h */ = {isa = PBXFileReference; fileEncoding = 4; lastKnownFileType = sourcecode.c.h; path = Quad.h; sourceTree = "<group>"; };
		A867AB86194B9AEF008EF66E /* QuadBatch.h */ = {isa = PBXFileReference; fileEncoding = 4; lastKnownFileType = sourcecode.c.h; path = QuadBatch.h; sourceTree = "<group>"; };
		A867AB87194B9AEF008EF66E /* QuadBatchMap.h */ = {isa = PBXFileReference; fileEncoding = 4; lastKnownFileType = sourcecode.c.h; path = QuadBatchMap.h; sourceTree = "<group>"; };
		A867AB88194B9AEF008EF66E /* QuadMatrix.cpp */ = {isa = PBXFileReference; fileEncoding = 4; lastKnownFileType = sourcecode.cpp.cpp; path = QuadMatrix.cpp; sourceTree = "<group>"; };
		A867AB89194B9AEF008EF66E /* QuadMatrix.h */ = {isa = PBXFileReference; fileEncoding = 4; lastKnownFileType = sourcecode.c.h; path = QuadMatrix.h; sourceTree = "<group>"; };
		A86902611A03029800D2C9F3 /* Log.h */ = {isa = PBXFileReference; fileEncoding = 4; lastKnownFileType = sourcecode.c.h; path = Log.h; sourceTree = "<group>"; };
		A8702AF71A5B44D100EF9E9E /* DisplayHelper.h */ = {isa = PBXFileReference; fileEncoding = 4; lastKnownFileType = sourcecode.c.h; path = DisplayHelper.h; sourceTree = "<group>"; };
		A8702AF81A5B44D100EF9E9E /* DisplayHelperBase.cpp */ = {isa = PBXFileReference; fileEncoding = 4; lastKnownFileType = sourcecode.cpp.cpp; path = DisplayHelperBase.cpp; sourceTree = "<group>"; };
		A8702AF91A5B44D100EF9E9E /* DisplayHelperBase.h */ = {isa = PBXFileReference; fileEncoding = 4; lastKnownFileType = sourcecode.c.h; path = DisplayHelperBase.h; sourceTree = "<group>"; };
		A8702AFA1A5B44D100EF9E9E /* DisplayInfo.h */ = {isa = PBXFileReference; fileEncoding = 4; lastKnownFileType = sourcecode.c.h; path = DisplayInfo.h; sourceTree = "<group>"; };
		A8702AFB1A5B44D100EF9E9E /* FileHelper.h */ = {isa = PBXFileReference; fileEncoding = 4; lastKnownFileType = sourcecode.c.h; path = FileHelper.h; sourceTree = "<group>"; };
		A8702AFC1A5B44D100EF9E9E /* FileHelperBase.cpp */ = {isa = PBXFileReference; fileEncoding = 4; lastKnownFileType = sourcecode.cpp.cpp; path = FileHelperBase.cpp; sourceTree = "<group>"; };
		A8702AFD1A5B44D100EF9E9E /* FileHelperBase.h */ = {isa = PBXFileReference; fileEncoding = 4; lastKnownFileType = sourcecode.c.h; path = FileHelperBase.h; sourceTree = "<group>"; };
		A8702AFE1A5B44D100EF9E9E /* MemoryInfo.h */ = {isa = PBXFileReference; fileEncoding = 4; lastKnownFileType = sourcecode.c.h; path = MemoryInfo.h; sourceTree = "<group>"; };
		A8702AFF1A5B44D100EF9E9E /* MemoryManager.h */ = {isa = PBXFileReference; fileEncoding = 4; lastKnownFileType = sourcecode.c.h; path = MemoryManager.h; sourceTree = "<group>"; };
		A8702B001A5B44D100EF9E9E /* MemoryManagerBase.cpp */ = {isa = PBXFileReference; fileEncoding = 4; lastKnownFileType = sourcecode.cpp.cpp; path = MemoryManagerBase.cpp; sourceTree = "<group>"; };
		A8702B011A5B44D100EF9E9E /* MemoryManagerBase.h */ = {isa = PBXFileReference; fileEncoding = 4; lastKnownFileType = sourcecode.c.h; path = MemoryManagerBase.h; sourceTree = "<group>"; };
		A8702B021A5B44D100EF9E9E /* SystemInfo.h */ = {isa = PBXFileReference; fileEncoding = 4; lastKnownFileType = sourcecode.c.h; path = SystemInfo.h; sourceTree = "<group>"; };
		A8702B031A5B44D100EF9E9E /* SystemInfoBase.h */ = {isa = PBXFileReference; fileEncoding = 4; lastKnownFileType = sourcecode.c.h; path = SystemInfoBase.h; sourceTree = "<group>"; };
		A8702B041A5B44D100EF9E9E /* SystemManager.h */ = {isa = PBXFileReference; fileEncoding = 4; lastKnownFileType = sourcecode.c.h; path = SystemManager.h; sourceTree = "<group>"; };
		A8702B051A5B44D100EF9E9E /* SystemManagerBase.cpp */ = {isa = PBXFileReference; fileEncoding = 4; lastKnownFileType = sourcecode.cpp.cpp; path = SystemManagerBase.cpp; sourceTree = "<group>"; };
		A8702B061A5B44D100EF9E9E /* SystemManagerBase.h */ = {isa = PBXFileReference; fileEncoding = 4; lastKnownFileType = sourcecode.c.h; path = SystemManagerBase.h; sourceTree = "<group>"; };
		A8702B0F1A5B44E000EF9E9E /* FileHelper.h */ = {isa = PBXFileReference; fileEncoding = 4; lastKnownFileType = sourcecode.c.h; path = FileHelper.h; sourceTree = "<group>"; };
		A8702B101A5B44E000EF9E9E /* FileHelper.mm */ = {isa = PBXFileReference; fileEncoding = 4; lastKnownFileType = sourcecode.cpp.objcpp; path = FileHelper.mm; sourceTree = "<group>"; };
		A89F40CB1AF445F40052917E /* LayoutStore.cpp */ = {isa = PBXFileReference; fileEncoding = 4; lastKnownFileType = sourcecode.cpp.cpp; path = LayoutStore.cpp; sourceTree = "<group>"; };
		A89F40CC1AF445F40052917E /* LayoutStore.h */ = {isa = PBXFileReference; fileEncoding = 4; lastKnownFileType = sourcecode.c.h; path = LayoutStore.h; sourceTree = "<group>"; };
		A8F595631A07784800877FB2 /* Log.cpp */ = {isa = PBXFileReference; fileEncoding = 4; lastKnownFileType = sourcecode.cpp.cpp; path = Log.cpp; sourceTree = "<group>"; };
		A8F9979119FA9BE000F08369 /* Exception.h */ = {isa = PBXFileReference; fileEncoding = 4; lastKnownFileType = sourcecode.c.h; path = Exception.h; sourceTree = "<group>"; };
		A8F9FC3218C5683B00C48245 /* ActualFont.cpp */ = {isa = PBXFileReference; fileEncoding = 4; lastKnownFileType = sourcecode.cpp.cpp; path = ActualFont.cpp; sourceTree = "<group>"; };
		A8F9FC3318C5683B00C48245 /* ActualFont.h */ = {isa = PBXFileReference; fileEncoding = 4; lastKnownFileType = sourcecode.c.h; path = ActualFont.h; sourceTree = "<group>"; };
		A8F9FC3418C5683B00C48245 /* FontManager.cpp */ = {isa = PBXFileReference; fileEncoding = 4; lastKnownFileType = sourcecode.cpp.cpp; path = FontManager.cpp; sourceTree = "<group>"; };
		A8F9FC3518C5683B00C48245 /* FontManager.h */ = {isa = PBXFileReference; fileEncoding = 4; lastKnownFileType = sourcecode.c.h; path = FontManager.h; sourceTree = "<group>"; };
		A8F9FC3618C5683B00C48245 /* FontSequence.cpp */ = {isa = PBXFileReference; fileEncoding = 4; lastKnownFileType = sourcecode.cpp.cpp; path = FontSequence.cpp; sourceTree = "<group>"; };
		A8F9FC3718C5683B00C48245 /* FontSequence.h */ = {isa = PBXFileReference; fileEncoding = 4; lastKnownFileType = sourcecode.c.h; path = FontSequence.h; sourceTree = "<group>"; };
		A8F9FC3818C5683B00C48245 /* FontTexture.cpp */ = {isa = PBXFileReference; fileEncoding = 4; lastKnownFileType = sourcecode.cpp.cpp; path = FontTexture.cpp; sourceTree = "<group>"; };
		A8F9FC3918C5683B00C48245 /* FontTexture.h */ = {isa = PBXFileReference; fileEncoding = 4; lastKnownFileType = sourcecode.c.h; path = FontTexture.h; sourceTree = "<group>"; };
		A8F9FC3A18C5683B00C48245 /* FreetypeHelper.h */ = {isa = PBXFileReference; fileEncoding = 4; lastKnownFileType = sourcecode.c.h; path = FreetypeHelper.h; sourceTree = "<group>"; };
		A8F9FC3C18C5683B00C48245 /* GlyphData.h */ = {isa = PBXFileReference; fileEncoding = 4; lastKnownFileType = sourcecode.c.h; path = GlyphData.h; sourceTree = "<group>"; };
		A8F9FC3D18C5683B00C48245 /* LangHelper.cpp */ = {isa = PBXFileReference; fileEncoding = 4; lastKnownFileType = sourcecode.cpp.cpp; path = LangHelper.cpp; sourceTree = "<group>"; };
		A8F9FC3E18C5683B00C48245 /* LangHelper.h */ = {isa = PBXFileReference; fileEncoding = 4; lastKnownFileType = sourcecode.c.h; path = LangHelper.h; sourceTree = "<group>"; };
		A8F9FC4118C5683B00C48245 /* LineLayout.cpp */ = {isa = PBXFileReference; fileEncoding = 4; lastKnownFileType = sourcecode.cpp.cpp; path = LineLayout.cpp; sourceTree = "<group>"; };
		A8F9FC4218C5683B00C48245 /* LineLayout.h */ = {isa = PBXFileReference; fileEncoding = 4; lastKnownFileType = sourcecode.c.h; path = LineLayout.h; sourceTree = "<group>"; };
		A8F9FC4318C5683B00C48245 /* scrptrun.cpp */ = {isa = PBXFileReference; fileEncoding = 4; lastKnownFileType = sourcecode.cpp.cpp; path = scrptrun.cpp; sourceTree = "<group>"; };
		A8F9FC4418C5683B00C48245 /* scrptrun.h */ = {isa = PBXFileReference; fileEncoding = 4; lastKnownFileType = sourcecode.c.h; path = scrptrun.h; sourceTree = "<group>"; };
		A8F9FC4518C5683B00C48245 /* TextItemizer.cpp */ = {isa = PBXFileReference; fileEncoding = 4; lastKnownFileType = sourcecode.cpp.cpp; path = TextItemizer.cpp; sourceTree = "<group>"; };
		A8F9FC4618C5683B00C48245 /* TextItemizer.h */ = {isa = PBXFileReference; fileEncoding = 4; lastKnownFileType = sourcecode.c.h; path = TextItemizer.h; sourceTree = "<group>"; };
		A8F9FC4718C5683B00C48245 /* TextLine.h */ = {isa = PBXFileReference; fileEncoding = 4; lastKnownFileType = sourcecode.c.h; path = TextLine.h; sourceTree = "<group>"; };
		A8F9FC4818C5683B00C48245 /* TextRun.h */ = {isa = PBXFileReference; fileEncoding = 4; lastKnownFileType = sourcecode.c.h; path = TextRun.h; sourceTree = "<group>"; };
		A8F9FC4918C5683B00C48245 /* VirtualFont.cpp */ = {isa = PBXFileReference; fileEncoding = 4; lastKnownFileType = sourcecode.cpp.cpp; path = VirtualFont.cpp; sourceTree = "<group>"; };
		A8F9FC4A18C5683B00C48245 /* VirtualFont.h */ = {isa = PBXFileReference; fileEncoding = 4; lastKnownFileType = sourcecode.c.h; path = VirtualFont.h; sourceTree = "<group>"; };
		A8FBC4AB18E3B1A800F5BBEF /* FrameClock.cpp */ = {isa = PBXFileReference; fileEncoding = 4; lastKnownFileType = sourcecode.cpp.cpp; path = FrameClock.cpp; sourceTree = "<group>"; };
		A8FBC4AC18E3B1A800F5BBEF /* FrameClock.h */ = {isa = PBXFileReference; fileEncoding = 4; lastKnownFileType = sourcecode.c.h; path = FrameClock.h; sourceTree = "<group>"; };
/* End PBXFileReference section */

/* Begin PBXFrameworksBuildPhase section */
		8D11072E0486CEB800E47090 /* Frameworks */ = {
			isa = PBXFrameworksBuildPhase;
			buildActionMask = 2147483647;
			files = (
				8D11072F0486CEB800E47090 /* Cocoa.framework in Frameworks */,
				0091D8F90E81B9330029341E /* OpenGL.framework in Frameworks */,
				5323E6B20EAFCA74003A9687 /* CoreVideo.framework in Frameworks */,
				5323E6B60EAFCA7E003A9687 /* QTKit.framework in Frameworks */,
				00B784B30FF439BC000DE1D7 /* Accelerate.framework in Frameworks */,
				00B784B40FF439BC000DE1D7 /* AudioToolbox.framework in Frameworks */,
				00B784B50FF439BC000DE1D7 /* AudioUnit.framework in Frameworks */,
				00B784B60FF439BC000DE1D7 /* CoreAudio.framework in Frameworks */,
			);
			runOnlyForDeploymentPostprocessing = 0;
		};
/* End PBXFrameworksBuildPhase section */

/* Begin PBXGroup section */
		080E96DDFE201D6D7F000001 /* Source */ = {
			isa = PBXGroup;
			children = (
				A85977431A2FC0E50080C906 /* main.cpp */,
				A82C910916E02DAA00FF519C /* Sketch.h */,
				A82C910816E02DAA00FF519C /* Sketch.cpp */,
			);
			name = Source;
			sourceTree = "<group>";
		};
		1058C7A0FEA54F0111CA2CBB /* Linked Frameworks */ = {
			isa = PBXGroup;
			children = (
				00B784AF0FF439BC000DE1D7 /* Accelerate.framework */,
				00B784B00FF439BC000DE1D7 /* AudioToolbox.framework */,
				00B784B10FF439BC000DE1D7 /* AudioUnit.framework */,
				00B784B20FF439BC000DE1D7 /* CoreAudio.framework */,
				5323E6B50EAFCA7E003A9687 /* QTKit.framework */,
				5323E6B10EAFCA74003A9687 /* CoreVideo.framework */,
				0091D8F80E81B9330029341E /* OpenGL.framework */,
				1058C7A1FEA54F0111CA2CBB /* Cocoa.framework */,
			);
			name = "Linked Frameworks";
			sourceTree = "<group>";
		};
		1058C7A2FEA54F0111CA2CBB /* Other Frameworks */ = {
			isa = PBXGroup;
			children = (
				29B97324FDCFA39411CA2CEA /* AppKit.framework */,
				29B97325FDCFA39411CA2CEA /* Foundation.framework */,
			);
			name = "Other Frameworks";
			sourceTree = "<group>";
		};
		19C28FACFE9D520D11CA2CBB /* Products */ = {
			isa = PBXGroup;
			children = (
				8D1107320486CEB800E47090 /* TextWorks1.app */,
			);
			name = Products;
			sourceTree = "<group>";
		};
		29B97314FDCFA39411CA2CEA /* TextWorks1 */ = {
			isa = PBXGroup;
			children = (
				A8985B3C16DA4EB300448A41 /* chronotext */,
				080E96DDFE201D6D7F000001 /* Source */,
				29B97317FDCFA39411CA2CEA /* Resources */,
				A879AD8C16D667C900BE6783 /* OSX */,
				29B97323FDCFA39411CA2CEA /* Frameworks */,
				19C28FACFE9D520D11CA2CBB /* Products */,
			);
			name = TextWorks1;
			sourceTree = "<group>";
		};
		29B97317FDCFA39411CA2CEA /* Resources */ = {
			isa = PBXGroup;
			children = (
				A8112CCB1A4F63810002CF68 /* font-config.xml */,
				A8112CCC1A4F63810002CF68 /* serif_regular_osx.xml */,
			);
			name = Resources;
			sourceTree = "<group>";
		};
		29B97323FDCFA39411CA2CEA /* Frameworks */ = {
			isa = PBXGroup;
			children = (
				1058C7A0FEA54F0111CA2CBB /* Linked Frameworks */,
				1058C7A2FEA54F0111CA2CBB /* Other Frameworks */,
			);
			name = Frameworks;
			sourceTree = "<group>";
		};
		A8027DF716E377AE00184149 /* Resources */ = {
			isa = PBXGroup;
			children = (
				A8112CCF1A4F645F0002CF68 /* emulators.json */,
				A8027DF816E377AE00184149 /* icon.icns */,
			);
			path = Resources;
			sourceTree = "<group>";
		};
		A8147E381A9965D700885D67 /* desktop */ = {
			isa = PBXGroup;
			children = (
				A8147E391A9965D700885D67 /* system */,
			);
			path = desktop;
			sourceTree = "<group>";
		};
		A8147E391A9965D700885D67 /* system */ = {
			isa = PBXGroup;
			children = (
				A8147E3A1A9965D700885D67 /* DisplayHelper.cpp */,
				A8147E3B1A9965D700885D67 /* DisplayHelper.h */,
				A8147E3C1A9965D700885D67 /* EmulatedDevice.h */,
				A8147E3D1A9965D700885D67 /* SystemInfo.h */,
				A8147E3E1A9965D700885D67 /* SystemManager.cpp */,
				A8147E3F1A9965D700885D67 /* SystemManager.h */,
			);
			path = system;
			sourceTree = "<group>";
		};
		A8147E421A9965E100885D67 /* osx */ = {
			isa = PBXGroup;
			children = (
				A8147E431A9965E100885D67 /* cinder */,
				A8147E4C1A9965E100885D67 /* utils */,
			);
			path = osx;
			sourceTree = "<group>";
		};
		A8147E431A9965E100885D67 /* cinder */ = {
			isa = PBXGroup;
			children = (
				A8147E441A9965E100885D67 /* CinderBridge.h */,
				A8147E451A9965E100885D67 /* CinderBridge.mm */,
				A8147E461A9965E100885D67 /* CinderDelegate.h */,
				A8147E471A9965E100885D67 /* CinderDelegate.mm */,
			);
			path = cinder;
			sourceTree = "<group>";
		};
		A8147E4C1A9965E100885D67 /* utils */ = {
			isa = PBXGroup;
			children = (
				A8147E4D1A9965E100885D67 /* NSView+StringTag.h */,
				A8147E4E1A9965E100885D67 /* NSView+StringTag.m */,
			);
			path = utils;
			sourceTree = "<group>";
		};
		A8147E541A9965FE00885D67 /* stb */ = {
			isa = PBXGroup;
			children = (
				A8147E551A9965FE00885D67 /* ImageSourceFileStbImage.cpp */,
				A8147E561A9965FE00885D67 /* ImageSourceFileStbImage.h */,
				A8147E571A9965FE00885D67 /* stb_image.h */,
			);
			path = stb;
			sourceTree = "<group>";
		};
		A822636E18BF54BC00D57C8C /* time */ = {
			isa = PBXGroup;
			children = (
				A8FBC4AB18E3B1A800F5BBEF /* FrameClock.cpp */,
				A8FBC4AC18E3B1A800F5BBEF /* FrameClock.h */,
				A822636F18BF54BC00D57C8C /* Clock.cpp */,
				A822637018BF54BC00D57C8C /* Clock.h */,
				A822637118BF54BC00D57C8C /* DefaultTimeBase.h */,
				A822637618BF54BC00D57C8C /* TimeBase.h */,
			);
			path = time;
			sourceTree = "<group>";
		};
		A82986FC18BD00C300934642 /* os */ = {
			isa = PBXGroup;
			children = (
				A85977681A2FC1D40080C906 /* Task.cpp */,
				A85977691A2FC1D40080C906 /* Task.h */,
				A859776A1A2FC1D40080C906 /* TaskManager.cpp */,
				A859776B1A2FC1D40080C906 /* TaskManager.h */,
				A82986FD18BD00C300934642 /* Handler.cpp */,
				A82986FE18BD00C300934642 /* Handler.h */,
				A82986FF18BD00C300934642 /* Message.h */,
				A829870018BD00C300934642 /* SubHandler.h */,
				A829870118BD00C300934642 /* SuperHandler.cpp */,
				A829870218BD00C300934642 /* SuperHandler.h */,
			);
			path = os;
			sourceTree = "<group>";
		};
		A829870718BD02D500934642 /* font */ = {
			isa = PBXGroup;
			children = (
				A8F9FC3118C5683B00C48245 /* zf */,
			);
			path = font;
			sourceTree = "<group>";
		};
		A82C90E616E00B0400FF519C /* cinder */ = {
			isa = PBXGroup;
			children = (
				A8147E301A9965C000885D67 /* CinderDelegate.h */,
				A8147E311A9965C000885D67 /* CinderDelegateBase.h */,
				A8147E321A9965C000885D67 /* CinderDelegateBase.cpp */,
				A8147E331A9965C000885D67 /* CinderSketch.h */,
				A8147E341A9965C000885D67 /* CinderSketch.cpp */,
				A8147E351A9965C000885D67 /* WindowInfo.h */,
			);
			path = cinder;
			sourceTree = "<group>";
		};
		A82C90F416E00B3B00FF519C /* utils */ = {
			isa = PBXGroup;
			children = (
				A8147E541A9965FE00885D67 /* stb */,
				A82C90FB16E00B3B00FF519C /* GLUtils.h */,
				A82C90FA16E00B3B00FF519C /* GLUtils.cpp */,
				A82C90FE16E00B3B00FF519C /* MathUtils.h */,
				A82C90FD16E00B3B00FF519C /* MathUtils.cpp */,
				A82C910316E00B3B00FF519C /* Utils.h */,
				A82C910216E00B3B00FF519C /* Utils.cpp */,
			);
			path = utils;
			sourceTree = "<group>";
		};
		A85977451A2FC1170080C906 /* Classes */ = {
			isa = PBXGroup;
			children = (
				A85977481A2FC1350080C906 /* Application.h */,
				A85977831A309FEF0080C906 /* Application.cpp */,
			);
			path = Classes;
			sourceTree = "<group>";
		};
		A85977741A2FD6400080C906 /* cocoa */ = {
			isa = PBXGroup;
			children = (
				A85977751A2FD6400080C906 /* system */,
				A85977781A2FD6400080C906 /* utils */,
			);
			path = cocoa;
			sourceTree = "<group>";
		};
		A85977751A2FD6400080C906 /* system */ = {
			isa = PBXGroup;
			children = (
				A8702B0F1A5B44E000EF9E9E /* FileHelper.h */,
				A8702B101A5B44E000EF9E9E /* FileHelper.mm */,
				A85977761A2FD6400080C906 /* MemoryManager.h */,
				A85977771A2FD6400080C906 /* MemoryManager.mm */,
			);
			path = system;
			sourceTree = "<group>";
		};
		A85977781A2FD6400080C906 /* utils */ = {
			isa = PBXGroup;
			children = (
				A85977791A2FD6400080C906 /* NSDictionary+DefautValues.h */,
				A859777A1A2FD6400080C906 /* NSDictionary+DefautValues.m */,
				A859777B1A2FD6400080C906 /* NSMutableDictionary+Merge.h */,
				A859777C1A2FD6400080C906 /* NSMutableDictionary+Merge.m */,
				A859777D1A2FD6400080C906 /* NSString+JSON.h */,
				A859777E1A2FD6400080C906 /* NSString+JSON.m */,
			);
			path = utils;
			sourceTree = "<group>";
		};
		A867AB84194B9AEF008EF66E /* quad */ = {
			isa = PBXGroup;
			children = (
				A867AB85194B9AEF008EF66E /* Quad.h */,
				A867AB86194B9AEF008EF66E /* QuadBatch.h */,
				A867AB87194B9AEF008EF66E /* QuadBatchMap.h */,
				A867AB88194B9AEF008EF66E /* QuadMatrix.cpp */,
				A867AB89194B9AEF008EF66E /* QuadMatrix.h */,
			);
			path = quad;
			sourceTree = "<group>";
		};
		A879AD8C16D667C900BE6783 /* OSX */ = {
			isa = PBXGroup;
			children = (
				A8112A461A4B2A120002CF68 /* Config.xcconfig */,
				A8112A471A4B2A120002CF68 /* DebugConfig.xcconfig */,
				A8112A481A4B2A120002CF68 /* ReleaseConfig.xcconfig */,
				A3F48157030643B0B32007F4 /* Info.plist */,
				3AE7D94AFD3E4E749C47CA7D /* Prefix.pch */,
				A85977451A2FC1170080C906 /* Classes */,
				A8027DF716E377AE00184149 /* Resources */,
			);
			name = OSX;
			sourceTree = "<group>";
		};
		A8985B3C16DA4EB300448A41 /* chronotext */ = {
			isa = PBXGroup;
			children = (
				A86673A31A33AC9E00995C88 /* Context.h */,
				A8F9979119FA9BE000F08369 /* Exception.h */,
				A86902611A03029800D2C9F3 /* Log.h */,
				A8F595631A07784800877FB2 /* Log.cpp */,
				A82C909816DFA58900FF519C /* InputSource.h */,
				A82C909716DFA58900FF519C /* InputSource.cpp */,
				A82C90E616E00B0400FF519C /* cinder */,
				A85977741A2FD6400080C906 /* cocoa */,
				A8147E381A9965D700885D67 /* desktop */,
				A829870718BD02D500934642 /* font */,
				A82986FC18BD00C300934642 /* os */,
				A8147E421A9965E100885D67 /* osx */,
				A867AB84194B9AEF008EF66E /* quad */,
				A8F9978419FA961900F08369 /* system */,
				A822636E18BF54BC00D57C8C /* time */,
				A82C90F416E00B3B00FF519C /* utils */,
			);
			name = chronotext;
			path = ../../../src/chronotext;
			sourceTree = "<group>";
		};
		A8F9978419FA961900F08369 /* system */ = {
			isa = PBXGroup;
			children = (
				A8702AF71A5B44D100EF9E9E /* DisplayHelper.h */,
				A8702AF81A5B44D100EF9E9E /* DisplayHelperBase.cpp */,
				A8702AF91A5B44D100EF9E9E /* DisplayHelperBase.h */,
				A8702AFA1A5B44D100EF9E9E /* DisplayInfo.h */,
				A8702AFB1A5B44D100EF9E9E /* FileHelper.h */,
				A8702AFC1A5B44D100EF9E9E /* FileHelperBase.cpp */,
				A8702AFD1A5B44D100EF9E9E /* FileHelperBase.h */,
				A8702AFE1A5B44D100EF9E9E /* MemoryInfo.h */,
				A8702AFF1A5B44D100EF9E9E /* MemoryManager.h */,
				A8702B001A5B44D100EF9E9E /* MemoryManagerBase.cpp */,
				A8702B011A5B44D100EF9E9E /* MemoryManagerBase.h */,
				A8702B021A5B44D100EF9E9E /* SystemInfo.h */,
				A8702B031A5B44D100EF9E9E /* SystemInfoBase.h */,
				A8702B041A5B44D100EF9E9E /* SystemManager.h */,
				A8702B051A5B44D100EF9E9E /* SystemManagerBase.cpp */,
				A8702B061A5B44D100EF9E9E /* SystemManagerBase.h */,
			);
			path = system;
			sourceTree = "<group>";
		};
		A8F9FC3118C5683B00C48245 /* zf */ = {
			isa = PBXGroup;
			children = (
				A8F9FC3218C5683B00C48245 /* ActualFont.cpp */,
				A8F9FC3318C5683B00C48245 /* ActualFont.h */,
				A8F9FC3418C5683B00C48245 /* FontManager.cpp */,
				A8F9FC3518C5683B00C48245 /* FontManager.h */,
				A8F9FC3618C5683B00C48245 /* FontSequence.cpp */,
				A8F9FC3718C5683B00C48245 /* FontSequence.h */,
				A8F9FC3818C5683B00C48245 /* FontTexture.cpp */,
				A8F9FC3918C5683B00C48245 /* FontTexture.h */,
				A8F9FC3A18C5683B00C48245 /* FreetypeHelper.h */,
				A8F9FC3C18C5683B00C48245 /* GlyphData.h */,
				A8F9FC3D18C5683B00C48245 /* LangHelper.cpp */,
				A8F9FC3E18C5683B00C48245 /* LangHelper.h */,
				A89F40CB1AF445F40052917E /* LayoutStore.cpp */,
				A89F40CC1AF445F40052917E /* LayoutStore.h */,
				A8F9FC4118C5683B00C48245 /* LineLayout.cpp */,
				A8F9FC4218C5683B00C48245 /* LineLayout.h */,
				A8F9FC4318C5683B00C48245 /* scrptrun.cpp */,
				A8F9FC4418C5683B00C48245 /* scrptrun.h */,
				A8F9FC4518C5683B00C48245 /* TextItemizer.cpp */,
				A8F9FC4618C5683B00C48245 /* TextItemizer.h */,
				A8F9FC4718C5683B00C48245 /* TextLine.h */,
				A8F9FC4818C5683B00C48245 /* TextRun.h */,
				A8F9FC4918C5683B00C48245 /* VirtualFont.cpp */,
				A8F9FC4A18C5683B00C48245 /* VirtualFont.h */,
			);
			path = zf;
			sourceTree = "<group>";
		};
/* End PBXGroup section */

/* Begin PBXNativeTarget section */
		8D1107260486CEB800E47090 /* TextWorks1 */ = {
			isa = PBXNativeTarget;
			buildConfigurationList = C01FCF4A08A954540054247B /* Build configuration list for PBXNativeTarget "TextWorks1" */;
			buildPhases = (
				8D1107290486CEB800E47090 /* Resources */,
				8D11072C0486CEB800E47090 /* Sources */,
				8D11072E0486CEB800E47090 /* Frameworks */,
			);
			buildRules = (
			);
			dependencies = (
			);
			name = TextWorks1;
			productInstallPath = "$(HOME)/Applications";
			productName = TextWorks1;
			productReference = 8D1107320486CEB800E47090 /* TextWorks1.app */;
			productType = "com.apple.product-type.application";
		};
/* End PBXNativeTarget section */

/* Begin PBXProject section */
		29B97313FDCFA39411CA2CEA /* Project object */ = {
			isa = PBXProject;
			attributes = {
				LastUpgradeCheck = 0610;
			};
			buildConfigurationList = C01FCF4E08A954540054247B /* Build configuration list for PBXProject "TextWorks1" */;
			compatibilityVersion = "Xcode 3.2";
			developmentRegion = English;
			hasScannedForEncodings = 1;
			knownRegions = (
				English,
				Japanese,
				French,
				German,
			);
			mainGroup = 29B97314FDCFA39411CA2CEA /* TextWorks1 */;
			projectDirPath = "";
			projectRoot = "";
			targets = (
				8D1107260486CEB800E47090 /* TextWorks1 */,
			);
		};
/* End PBXProject section */

/* Begin PBXResourcesBuildPhase section */
		8D1107290486CEB800E47090 /* Resources */ = {
			isa = PBXResourcesBuildPhase;
			buildActionMask = 2147483647;
			files = (
				A8112CCD1A4F63810002CF68 /* font-config.xml in Resources */,
				A8112CCE1A4F63810002CF68 /* serif_regular_osx.xml in Resources */,
				A8112CD01A4F645F0002CF68 /* emulators.json in Resources */,
				A8027DFA16E377AE00184149 /* icon.icns in Resources */,
			);
			runOnlyForDeploymentPostprocessing = 0;
		};
/* End PBXResourcesBuildPhase section */

/* Begin PBXSourcesBuildPhase section */
		8D11072C0486CEB800E47090 /* Sources */ = {
			isa = PBXSourcesBuildPhase;
			buildActionMask = 2147483647;
			files = (
				A859777F1A2FD6400080C906 /* MemoryManager.mm in Sources */,
				A8147E4F1A9965E100885D67 /* CinderBridge.mm in Sources */,
				A8147E401A9965D700885D67 /* DisplayHelper.cpp in Sources */,
				A8F9FC4B18C5683B00C48245 /* ActualFont.cpp in Sources */,
				A8F9FC4D18C5683B00C48245 /* FontSequence.cpp in Sources */,
				A8702B081A5B44D100EF9E9E /* FileHelperBase.cpp in Sources */,
				A8147E581A9965FE00885D67 /* ImageSourceFileStbImage.cpp in Sources */,
				A8F9FC4E18C5683B00C48245 /* FontTexture.cpp in Sources */,
				A8FBC4AD18E3B1A800F5BBEF /* FrameClock.cpp in Sources */,
				A85977811A2FD6400080C906 /* NSMutableDictionary+Merge.m in Sources */,
				A8F9FC4C18C5683B00C48245 /* FontManager.cpp in Sources */,
				A8702B111A5B44E000EF9E9E /* FileHelper.mm in Sources */,
				A8F9FC5118C5683B00C48245 /* LineLayout.cpp in Sources */,
				A82C909916DFA58900FF519C /* InputSource.cpp in Sources */,
				A85977821A2FD6400080C906 /* NSString+JSON.m in Sources */,
				A859776C1A2FC1D40080C906 /* Task.cpp in Sources */,
				A82C910516E00B3B00FF519C /* GLUtils.cpp in Sources */,
				A829870318BD00C300934642 /* Handler.cpp in Sources */,
				A867AB8A194B9AEF008EF66E /* QuadMatrix.cpp in Sources */,
				A82C910616E00B3B00FF519C /* MathUtils.cpp in Sources */,
				A829870418BD00C300934642 /* SuperHandler.cpp in Sources */,
				A8147E411A9965D700885D67 /* SystemManager.cpp in Sources */,
				A8702B091A5B44D100EF9E9E /* MemoryManagerBase.cpp in Sources */,
				A8147E531A9965E100885D67 /* NSView+StringTag.m in Sources */,
				A8702B0A1A5B44D100EF9E9E /* SystemManagerBase.cpp in Sources */,
				A8F9FC5318C5683B00C48245 /* TextItemizer.cpp in Sources */,
				A8F9FC5418C5683B00C48245 /* VirtualFont.cpp in Sources */,
				A85977441A2FC0E50080C906 /* main.cpp in Sources */,
				A8F595641A07784800877FB2 /* Log.cpp in Sources */,
				A89F40CD1AF445F40052917E /* LayoutStore.cpp in Sources */,
				A85977841A309FEF0080C906 /* Application.cpp in Sources */,
				A859776D1A2FC1D40080C906 /* TaskManager.cpp in Sources */,
				A82C910716E00B3B00FF519C /* Utils.cpp in Sources */,
				A8147E371A9965C000885D67 /* CinderSketch.cpp in Sources */,
				A8F9FC5218C5683B00C48245 /* scrptrun.cpp in Sources */,
				A8147E501A9965E100885D67 /* CinderDelegate.mm in Sources */,
				A822637718BF54BC00D57C8C /* Clock.cpp in Sources */,
				A82C910A16E02DAA00FF519C /* Sketch.cpp in Sources */,
				A8702B071A5B44D100EF9E9E /* DisplayHelperBase.cpp in Sources */,
				A8F9FC4F18C5683B00C48245 /* LangHelper.cpp in Sources */,
				A8147E361A9965C000885D67 /* CinderDelegateBase.cpp in Sources */,
				A85977801A2FD6400080C906 /* NSDictionary+DefautValues.m in Sources */,
			);
			runOnlyForDeploymentPostprocessing = 0;
		};
/* End PBXSourcesBuildPhase section */

/* Begin XCBuildConfiguration section */
		C01FCF4B08A954540054247B /* Debug */ = {
			isa = XCBuildConfiguration;
			buildSettings = {
			};
			name = Debug;
		};
		C01FCF4C08A954540054247B /* Release */ = {
			isa = XCBuildConfiguration;
			buildSettings = {
			};
			name = Release;
		};
		C01FCF4F08A954540054247B /* Debug */ = {
			isa = XCBuildConfiguration;
			baseConfigurationReference = A8112A471A4B2A120002CF68 /* DebugConfig.xcconfig */;
			buildSettings = {
			};
			name = Debug;
		};
		C01FCF5008A954540054247B /* Release */ = {
			isa = XCBuildConfiguration;
			baseConfigurationReference = A8112A481A4B2A120002CF68 /* ReleaseConfig.xcconfig */;
			buildSettings = {
			};
			name = Release;
		};
/* End XCBuildConfiguration section */

/* Begin XCConfigurationList section */
		C01FCF4A08A954540054247B /* Build configuration list for PBXNativeTarget "TextWorks1" */ = {
			isa = XCConfigurationList;
			buildConfigurations = (
				C01FCF4B08A954540054247B /* Debug */,
				C01FCF4C08A954540054247B /* Release */,
			);
			defaultConfigurationIsVisible = 0;
			defaultConfigurationName = Release;
		};
		C01FCF4E08A954540054247B /* Build configuration list for PBXProject "TextWorks1" */ = {
			isa = XCConfigurationList;
			buildConfigurations = (
				C01FCF4F08A954540054247B /* Debug */,
				C01FCF5008A954540054247B /* Release */,
			);
			defaultConfigurationIsVisible = 0;
			defaultConfigurationName = Release;
		};
/* End XCConfigurationList section */
	};
	rootObject = 29B97313FDCFA39411CA2CEA /* Project object */;
}
